// !$*UTF8*$!
{
	archiveVersion = 1;
	classes = {
	};
	objectVersion = 71;
	objects = {

/* Begin PBXBuildFile section */
		0090D8C697164E6AD0D87FB84BF9E449 /* Cocoa.framework in Frameworks */ = {isa = PBXBuildFile; fileRef = 186D344FA5D990A41332B118A9CE76CD /* Cocoa.framework */; };
		07A499229DB1EFD341C331D3CDAC051A /* Assets.xcassets in Resources */ = {isa = PBXBuildFile; fileRef = 0715C8E682C615F43D30F48078B93E66 /* Assets.xcassets */; };
		1097EC3BF6C0F82F22215D68CF4C7DC8 /* SettingsView.swift in Sources */ = {isa = PBXBuildFile; fileRef = E30E6340D3C8E643DC83F3EB344B8D55 /* SettingsView.swift */; };
		18EFD1B2799D4B77B3894542AC487CDB /* TaskStore.swift in Sources */ = {isa = PBXBuildFile; fileRef = 31CA17E430D5CAE190C78B665DD0E5C5 /* TaskStore.swift */; };
		19A29DFD69907FA5F0DE327FD037FAE6 /* LegacyTaskImporterTests.swift in Sources */ = {isa = PBXBuildFile; fileRef = ADE9EA49E1CFEDCDB72A2DF437BD486B /* LegacyTaskImporterTests.swift */; };
		23919633709D9CEBF34CB235F37E2DB8 /* CornerHoverMonitor.swift in Sources */ = {isa = PBXBuildFile; fileRef = DE690408A4101C7B472035579093C940 /* CornerHoverMonitor.swift */; };
		2BEE707D9CC7D7E546BB6378664FC090 /* PanelGeometryTests.swift in Sources */ = {isa = PBXBuildFile; fileRef = 4376E5142C6AC70CA1F1188B366A3E2A /* PanelGeometryTests.swift */; };
		2C8A418F18776F17327A8AE2E3FE6A66 /* AgentHTTPRequestTests.swift in Sources */ = {isa = PBXBuildFile; fileRef = B447CAE7E91CBD3C6D29B6A37C892A6B /* AgentHTTPRequestTests.swift */; };
		2ED3081EB5BB18303E44EBF7A037546B /* AppSettings.swift in Sources */ = {isa = PBXBuildFile; fileRef = 89D210D7F89F7011387742CDA6B018D2 /* AppSettings.swift */; };
		2F1F283DDCBE403C042D0842619B8A21 /* SettingsWindowController.swift in Sources */ = {isa = PBXBuildFile; fileRef = E6210317549E93619879DD82DB8DF53C /* SettingsWindowController.swift */; };
		2FCA59EBDFE1912D1C5BCB5D91CC19B5 /* LegacyTaskImporter.swift in Sources */ = {isa = PBXBuildFile; fileRef = 1EE2CCE1DDF663965CA22F958BFC8775 /* LegacyTaskImporter.swift */; };
		3617170A50DA7675D6AF821B4EABC285 /* TestSupport.swift in Sources */ = {isa = PBXBuildFile; fileRef = 331AB6C81925923273341B2375B2F19A /* TestSupport.swift */; };
		3657665ECA6DB58626DAB4363813545D /* PersistenceController.swift in Sources */ = {isa = PBXBuildFile; fileRef = 5CB026E360D3B67611755D36866B5056 /* PersistenceController.swift */; };
		375D51702DC1EC4E32BA73E9A94F3B9C /* TaskTypes.swift in Sources */ = {isa = PBXBuildFile; fileRef = B0B1366AB228F5A4EB47DBDAE6A63D06 /* TaskTypes.swift */; };
		379BB4BF11D91CEC21EC3E35600272E7 /* TaskDragPayload.swift in Sources */ = {isa = PBXBuildFile; fileRef = 82815DCBB5FDDF15495E559DEF685BCC /* TaskDragPayload.swift */; };
		39C5A3C7AB12ACAAE87CC698EEDF9374 /* PeekabooUITests.swift in Sources */ = {isa = PBXBuildFile; fileRef = 37C89E71F8DFCAAC0F0C0FD46E0FDDD5 /* PeekabooUITests.swift */; };
		3B3C40097D831883364E735274E970BE /* PeekabooMobileUITests.swift in Sources */ = {isa = PBXBuildFile; fileRef = E4F44BF4B6FF1F9E9A77BF2817F8E492 /* PeekabooMobileUITests.swift */; };
		41E3D07135C5FB8C69A41CD5C1247BC8 /* TaskItem.swift in Sources */ = {isa = PBXBuildFile; fileRef = 1C8F6C019DB21E30C4D8D522A907E1ED /* TaskItem.swift */; };
		442A17CDBF1BC1E8062CE8C62505D465 /* PrivacyInfo.xcprivacy in Resources */ = {isa = PBXBuildFile; fileRef = 31BB667C508DADF7488390C39E9936DA /* PrivacyInfo.xcprivacy */; };
		4711146CB857D3A841A911C06F8B3B18 /* AgentTaskTools.swift in Sources */ = {isa = PBXBuildFile; fileRef = E733B0A240D53DD37F8023DAB5687AA4 /* AgentTaskTools.swift */; };
		47D2655C0360262AAC4649C75B83ECAD /* PrivacyInfo.xcprivacy in Resources */ = {isa = PBXBuildFile; fileRef = 31BB667C508DADF7488390C39E9936DA /* PrivacyInfo.xcprivacy */; };
		4AA7EFD704403A7E0731551E975C1FC2 /* MobileAppModel.swift in Sources */ = {isa = PBXBuildFile; fileRef = 7DE65CDB894140CB323E622829180864 /* MobileAppModel.swift */; };
		57E5A70A2C57E1925BA911E45F9822C0 /* Cocoa.framework in Frameworks */ = {isa = PBXBuildFile; fileRef = 186D344FA5D990A41332B118A9CE76CD /* Cocoa.framework */; };
		619B8B2E7AB258E781DF172B9127DC22 /* Assets.xcassets in Resources */ = {isa = PBXBuildFile; fileRef = 0715C8E682C615F43D30F48078B93E66 /* Assets.xcassets */; };
		6356FF43830D79969FCA42E94F1DE562 /* TaskStore.swift in Sources */ = {isa = PBXBuildFile; fileRef = 31CA17E430D5CAE190C78B665DD0E5C5 /* TaskStore.swift */; };
		64963A63246850685AE4812742C408B4 /* PeekabooTheme.swift in Sources */ = {isa = PBXBuildFile; fileRef = 8B7CC16D566BDCF5AE1C3E738BA06C70 /* PeekabooTheme.swift */; };
		64F2B32171EFBF3A88D92CFFB50B733A /* TaskActionsMenu.swift in Sources */ = {isa = PBXBuildFile; fileRef = EB18D66E8928A6A5BBFF6B9A780B6A55 /* TaskActionsMenu.swift */; };
		6AC229635C2261B456C42A9F5A7CD0F8 /* MobileTaskListScreen.swift in Sources */ = {isa = PBXBuildFile; fileRef = 3B48638AD242574761FC2AEFA3221F39 /* MobileTaskListScreen.swift */; };
		70C3EB53A0D20024010D1C87177AF8CD /* TaskStoreMobileTests.swift in Sources */ = {isa = PBXBuildFile; fileRef = 62C877F0903E44AF83774E087BA6DB9E /* TaskStoreMobileTests.swift */; };
		7121D88552E61E5E19FC00D958EDAD5E /* CornerPicker.swift in Sources */ = {isa = PBXBuildFile; fileRef = F3F51C2773F0EAA6B43E2E9413E70211 /* CornerPicker.swift */; };
		72F6B32181F5C54144860FD169C8D56B /* TaskActionsMenu.swift in Sources */ = {isa = PBXBuildFile; fileRef = EB18D66E8928A6A5BBFF6B9A780B6A55 /* TaskActionsMenu.swift */; };
		77A5DFD27E83513E6D6CE3C0B8ABF735 /* TaskStoreTests.swift in Sources */ = {isa = PBXBuildFile; fileRef = 30994A17135276AFF4FFEB80BAAC49D0 /* TaskStoreTests.swift */; };
		809DCDCFF1FAD5853D195298030BA15E /* PeekPanel.swift in Sources */ = {isa = PBXBuildFile; fileRef = E4EF8C3535690A315D379A8F0B1F7ACE /* PeekPanel.swift */; };
		85EF66BC2EE3F5F9507A8FE11950C5A4 /* AgentAccessTokenStore.swift in Sources */ = {isa = PBXBuildFile; fileRef = 1692575A5DCA34E15726BE74A1A6C0B8 /* AgentAccessTokenStore.swift */; };
		86AEA2DD8C1C1D31A2B528775381D0C6 /* MCPRequestHandlerTests.swift in Sources */ = {isa = PBXBuildFile; fileRef = A19E56DFB12207702B2D1452537BA230 /* MCPRequestHandlerTests.swift */; };
		87352F2E9125950081A316D50BA80462 /* TaskStatusButton.swift in Sources */ = {isa = PBXBuildFile; fileRef = 4D3DD4548E46ED9C7BFE094462C52133 /* TaskStatusButton.swift */; };
		887B775591B8753D05EE0D52450C7B3C /* PeekabooStyle.swift in Sources */ = {isa = PBXBuildFile; fileRef = EE9F4A1520E795DFF8DEAB2A97A57ED0 /* PeekabooStyle.swift */; };
		88A34F4730192D40EFC3BF4B8BBF0C8B /* PeekabooMobileApp.swift in Sources */ = {isa = PBXBuildFile; fileRef = 9810E449B8B76430003750627F5898C3 /* PeekabooMobileApp.swift */; };
		89E6D343922ABD3022D8A9AB98D0C6CC /* PanelUIState.swift in Sources */ = {isa = PBXBuildFile; fileRef = DC373A67F4A2CF278DC67784D32528A3 /* PanelUIState.swift */; };
		9968FD7BA59B443FED52B30E4FDD01C9 /* PeekabooTheme.swift in Sources */ = {isa = PBXBuildFile; fileRef = 8B7CC16D566BDCF5AE1C3E738BA06C70 /* PeekabooTheme.swift */; };
		9B650A3030D9B274F9304909D52206D7 /* AppCoordinator.swift in Sources */ = {isa = PBXBuildFile; fileRef = 65E610338F486ECB796025026B3D628E /* AppCoordinator.swift */; };
		9F224964D12D5F0725D31271691F8A13 /* TaskSectionView.swift in Sources */ = {isa = PBXBuildFile; fileRef = 9832F7F3BD779C7A87D1911E272659C6 /* TaskSectionView.swift */; };
		A52E53AB9CDD04DDEFFDBFB94C89D526 /* Foundation.framework in Frameworks */ = {isa = PBXBuildFile; fileRef = 731AB244F6420D32E6801EFB002A297D /* Foundation.framework */; };
		A7047977D8056DB0A6C8D0D272177B4B /* PanelGeometry.swift in Sources */ = {isa = PBXBuildFile; fileRef = C9F96AF453E5FDB75C59641DC0023829 /* PanelGeometry.swift */; };
		A8EDA25B682373460ECC1A597D4D08BF /* MenuBarView.swift in Sources */ = {isa = PBXBuildFile; fileRef = F0B5153573FBB8308FA633ACD8D8517C /* MenuBarView.swift */; };
		B330722198F443A5FF433E750410F744 /* AppDelegate.swift in Sources */ = {isa = PBXBuildFile; fileRef = C669FB88A9C2AB346C6F5AC2EE8B2D85 /* AppDelegate.swift */; };
		B423E18D2AE30614FB2128E300E8B94E /* Foundation.framework in Frameworks */ = {isa = PBXBuildFile; fileRef = 731AB244F6420D32E6801EFB002A297D /* Foundation.framework */; };
		B49929A154A178EA409FDB379D13BE4F /* DailyCleanupService.swift in Sources */ = {isa = PBXBuildFile; fileRef = 64729E0E70FB6DF3140DB7D78B0DF605 /* DailyCleanupService.swift */; };
		B98A3C9031261A6D0A08BAD2FBEC41C5 /* TaskTypes.swift in Sources */ = {isa = PBXBuildFile; fileRef = B0B1366AB228F5A4EB47DBDAE6A63D06 /* TaskTypes.swift */; };
		BBEA47B40B66AB641585C28E14E3DC30 /* TaskComposerView.swift in Sources */ = {isa = PBXBuildFile; fileRef = 7592A861D8A472CF386AB3E9AEA3631F /* TaskComposerView.swift */; };
		BFECB7A09EA5CA3DCA4E51E863804C4C /* TaskRowView.swift in Sources */ = {isa = PBXBuildFile; fileRef = 828672130F1D7B31ED73F5C9E230D185 /* TaskRowView.swift */; };
		CC37C88AF4C41B77E106E80500B0605A /* PeekPanelController.swift in Sources */ = {isa = PBXBuildFile; fileRef = 788C3E5963820F4C33C34B916897A386 /* PeekPanelController.swift */; };
		CEBA0279917FF5752B3869CD4DA9B827 /* CornerHoverStateMachine.swift in Sources */ = {isa = PBXBuildFile; fileRef = B5A862596A551136C1DB3A87A95E6206 /* CornerHoverStateMachine.swift */; };
		D1633C8789553C56D7AAB26835661A8D /* Cocoa.framework in Frameworks */ = {isa = PBXBuildFile; fileRef = 186D344FA5D990A41332B118A9CE76CD /* Cocoa.framework */; };
		D42FB0660BCB543A7A1CB7799B30ABCA /* MobileAppRoot.swift in Sources */ = {isa = PBXBuildFile; fileRef = 097C4ECC68CD8A24513C7EC5EB51154B /* MobileAppRoot.swift */; };
		D4954FE9CBD32D0BE43D95EEBDBC84C6 /* DailyCleanupServiceTests.swift in Sources */ = {isa = PBXBuildFile; fileRef = 0BD8C06926FED82925AF287718671558 /* DailyCleanupServiceTests.swift */; };
		D5AEF9B3DA6FC26114D009D998A389F7 /* Foundation.framework in Frameworks */ = {isa = PBXBuildFile; fileRef = 731AB244F6420D32E6801EFB002A297D /* Foundation.framework */; };
		D73C1295A6C55E5065FAB119D8972AF9 /* AgentServer.swift in Sources */ = {isa = PBXBuildFile; fileRef = 71183BF3A6E10BF398483C6AE7DD638F /* AgentServer.swift */; };
		D91E48C971FBB5BC257799E7FC548DE3 /* GlobalHotKey.swift in Sources */ = {isa = PBXBuildFile; fileRef = 47CBD41FCBC6882B1A5326EA70C142EE /* GlobalHotKey.swift */; };
		DDA88EBB49245F2531A205D5825BD40C /* TaskItem.swift in Sources */ = {isa = PBXBuildFile; fileRef = 1C8F6C019DB21E30C4D8D522A907E1ED /* TaskItem.swift */; };
		E6ACF711F551EFED49F7A604FE36FE8A /* AgentHTTPRequest.swift in Sources */ = {isa = PBXBuildFile; fileRef = 09BBAFE5DD404B8B72F5A73F93A8DA7B /* AgentHTTPRequest.swift */; };
		E8908683120F26C3D35E74B70909672E /* MCPRequestHandler.swift in Sources */ = {isa = PBXBuildFile; fileRef = 15543F3E1FC9B85C7C45A8748A5B9F4E /* MCPRequestHandler.swift */; };
		EB790A4F7ACECDAB4F9D072DA79EC6B7 /* LoginItemService.swift in Sources */ = {isa = PBXBuildFile; fileRef = D27FD8021B4470F4FB2BAD9F01DA5A63 /* LoginItemService.swift */; };
		EB88BEC38D722016AE89203E015F7A3C /* PersistenceController.swift in Sources */ = {isa = PBXBuildFile; fileRef = 5CB026E360D3B67611755D36866B5056 /* PersistenceController.swift */; };
		EDEC2789340356307F09AD4A415A3EF5 /* MobileTaskRow.swift in Sources */ = {isa = PBXBuildFile; fileRef = 12E468E3F3836AAD0D4816CE7E32120C /* MobileTaskRow.swift */; };
		EE767F1F7A2592504144DF6549CF3C08 /* PeekPanelView.swift in Sources */ = {isa = PBXBuildFile; fileRef = 25A7F69EADB8450229FDE574CFE6A761 /* PeekPanelView.swift */; };
		FB358F809179A91BD1E80A3F1F497C29 /* MobileTaskEditor.swift in Sources */ = {isa = PBXBuildFile; fileRef = 17CEDF697981694A53716779DD388624 /* MobileTaskEditor.swift */; };
		FD2B44B0DB819292DA4CE1F4E60389F5 /* PeekabooApp.swift in Sources */ = {isa = PBXBuildFile; fileRef = FEED19FF47B8B5058FE9F9040242ADFB /* PeekabooApp.swift */; };
		FE3F1F1845B85CD6D3963167413B3F57 /* CornerHoverStateMachineTests.swift in Sources */ = {isa = PBXBuildFile; fileRef = 4175D878C1A7B5E7B227B97ADA756412 /* CornerHoverStateMachineTests.swift */; };
/* End PBXBuildFile section */

/* Begin PBXContainerItemProxy section */
		08941739C535EAC46209A58DCF801912 /* PBXContainerItemProxy */ = {
			isa = PBXContainerItemProxy;
			containerPortal = 99F19F834991D83263BFAD44E7AB152C /* Project object */;
			proxyType = 1;
			remoteGlobalIDString = 13D102536BA9F2C733D781249C1B792F;
			remoteInfo = Peekaboo;
		};
		44F8116140A3499063DDCDD1901AEFB6 /* PBXContainerItemProxy */ = {
			isa = PBXContainerItemProxy;
			containerPortal = 99F19F834991D83263BFAD44E7AB152C /* Project object */;
			proxyType = 1;
			remoteGlobalIDString = 13D102536BA9F2C733D781249C1B792F;
			remoteInfo = Peekaboo;
		};
		6B46284B48C26085F37B38A24DE6DD6A /* PBXContainerItemProxy */ = {
			isa = PBXContainerItemProxy;
			containerPortal = 99F19F834991D83263BFAD44E7AB152C /* Project object */;
			proxyType = 1;
			remoteGlobalIDString = 7ABEFA8004CD36BC249BAB3AA717B0A4;
			remoteInfo = PeekabooMobile;
		};
		D698731E2DCAD70A6E0BADFEDACBD482 /* PBXContainerItemProxy */ = {
			isa = PBXContainerItemProxy;
			containerPortal = 99F19F834991D83263BFAD44E7AB152C /* Project object */;
			proxyType = 1;
			remoteGlobalIDString = 7ABEFA8004CD36BC249BAB3AA717B0A4;
			remoteInfo = PeekabooMobile;
		};
/* End PBXContainerItemProxy section */

/* Begin PBXFileReference section */
		0715C8E682C615F43D30F48078B93E66 /* Assets.xcassets */ = {isa = PBXFileReference; includeInIndex = 1; lastKnownFileType = folder.assetcatalog; name = Assets.xcassets; path = Resources/Assets.xcassets; sourceTree = "<group>"; };
		086BD093DB617E8E2B21F6E0302AB9D0 /* Info.plist */ = {isa = PBXFileReference; includeInIndex = 1; lastKnownFileType = text.plist.xml; path = Info.plist; sourceTree = "<group>"; };
		097C4ECC68CD8A24513C7EC5EB51154B /* MobileAppRoot.swift */ = {isa = PBXFileReference; includeInIndex = 1; lastKnownFileType = sourcecode.swift; name = MobileAppRoot.swift; path = Views/MobileAppRoot.swift; sourceTree = "<group>"; };
		09BBAFE5DD404B8B72F5A73F93A8DA7B /* AgentHTTPRequest.swift */ = {isa = PBXFileReference; includeInIndex = 1; lastKnownFileType = sourcecode.swift; name = AgentHTTPRequest.swift; path = Services/AgentServer/AgentHTTPRequest.swift; sourceTree = "<group>"; };
		0BD8C06926FED82925AF287718671558 /* DailyCleanupServiceTests.swift */ = {isa = PBXFileReference; includeInIndex = 1; lastKnownFileType = sourcecode.swift; path = DailyCleanupServiceTests.swift; sourceTree = "<group>"; };
		12E468E3F3836AAD0D4816CE7E32120C /* MobileTaskRow.swift */ = {isa = PBXFileReference; includeInIndex = 1; lastKnownFileType = sourcecode.swift; name = MobileTaskRow.swift; path = Views/MobileTaskRow.swift; sourceTree = "<group>"; };
		15543F3E1FC9B85C7C45A8748A5B9F4E /* MCPRequestHandler.swift */ = {isa = PBXFileReference; includeInIndex = 1; lastKnownFileType = sourcecode.swift; name = MCPRequestHandler.swift; path = Services/AgentServer/MCPRequestHandler.swift; sourceTree = "<group>"; };
		1692575A5DCA34E15726BE74A1A6C0B8 /* AgentAccessTokenStore.swift */ = {isa = PBXFileReference; includeInIndex = 1; lastKnownFileType = sourcecode.swift; name = AgentAccessTokenStore.swift; path = Services/AgentServer/AgentAccessTokenStore.swift; sourceTree = "<group>"; };
		17CEDF697981694A53716779DD388624 /* MobileTaskEditor.swift */ = {isa = PBXFileReference; includeInIndex = 1; lastKnownFileType = sourcecode.swift; name = MobileTaskEditor.swift; path = Views/MobileTaskEditor.swift; sourceTree = "<group>"; };
		186D344FA5D990A41332B118A9CE76CD /* Cocoa.framework */ = {isa = PBXFileReference; lastKnownFileType = wrapper.framework; name = Cocoa.framework; path = Platforms/MacOSX.platform/Developer/SDKs/MacOSX15.0.sdk/System/Library/Frameworks/Cocoa.framework; sourceTree = DEVELOPER_DIR; };
		1C8F6C019DB21E30C4D8D522A907E1ED /* TaskItem.swift */ = {isa = PBXFileReference; includeInIndex = 1; lastKnownFileType = sourcecode.swift; name = TaskItem.swift; path = Models/TaskItem.swift; sourceTree = "<group>"; };
		1EE2CCE1DDF663965CA22F958BFC8775 /* LegacyTaskImporter.swift */ = {isa = PBXFileReference; includeInIndex = 1; lastKnownFileType = sourcecode.swift; name = LegacyTaskImporter.swift; path = Services/LegacyTaskImporter.swift; sourceTree = "<group>"; };
		25A7F69EADB8450229FDE574CFE6A761 /* PeekPanelView.swift */ = {isa = PBXFileReference; includeInIndex = 1; lastKnownFileType = sourcecode.swift; name = PeekPanelView.swift; path = Views/Panel/PeekPanelView.swift; sourceTree = "<group>"; };
		2BF8BF26A6AFE62C407A4399D1DB3872 /* Peekaboo.app */ = {isa = PBXFileReference; explicitFileType = wrapper.application; includeInIndex = 0; path = Peekaboo.app; sourceTree = BUILT_PRODUCTS_DIR; };
		2D4ED475097275B25C9CE80EE29BEEF2 /* Info.plist */ = {isa = PBXFileReference; includeInIndex = 1; lastKnownFileType = text.plist.xml; path = Info.plist; sourceTree = "<group>"; };
		30994A17135276AFF4FFEB80BAAC49D0 /* TaskStoreTests.swift */ = {isa = PBXFileReference; includeInIndex = 1; lastKnownFileType = sourcecode.swift; path = TaskStoreTests.swift; sourceTree = "<group>"; };
		30A7DBC23BE383D815C68D7F93DA982E /* PeekabooLocal.entitlements */ = {isa = PBXFileReference; includeInIndex = 1; lastKnownFileType = text.plist.entitlements; path = PeekabooLocal.entitlements; sourceTree = "<group>"; };
		31BB667C508DADF7488390C39E9936DA /* PrivacyInfo.xcprivacy */ = {isa = PBXFileReference; includeInIndex = 1; name = PrivacyInfo.xcprivacy; path = Resources/PrivacyInfo.xcprivacy; sourceTree = "<group>"; };
		31CA17E430D5CAE190C78B665DD0E5C5 /* TaskStore.swift */ = {isa = PBXFileReference; includeInIndex = 1; lastKnownFileType = sourcecode.swift; name = TaskStore.swift; path = Services/TaskStore.swift; sourceTree = "<group>"; };
		331AB6C81925923273341B2375B2F19A /* TestSupport.swift */ = {isa = PBXFileReference; includeInIndex = 1; lastKnownFileType = sourcecode.swift; path = TestSupport.swift; sourceTree = "<group>"; };
		37C89E71F8DFCAAC0F0C0FD46E0FDDD5 /* PeekabooUITests.swift */ = {isa = PBXFileReference; includeInIndex = 1; lastKnownFileType = sourcecode.swift; path = PeekabooUITests.swift; sourceTree = "<group>"; };
		3B48638AD242574761FC2AEFA3221F39 /* MobileTaskListScreen.swift */ = {isa = PBXFileReference; includeInIndex = 1; lastKnownFileType = sourcecode.swift; name = MobileTaskListScreen.swift; path = Views/MobileTaskListScreen.swift; sourceTree = "<group>"; };
		4175D878C1A7B5E7B227B97ADA756412 /* CornerHoverStateMachineTests.swift */ = {isa = PBXFileReference; includeInIndex = 1; lastKnownFileType = sourcecode.swift; path = CornerHoverStateMachineTests.swift; sourceTree = "<group>"; };
		4376E5142C6AC70CA1F1188B366A3E2A /* PanelGeometryTests.swift */ = {isa = PBXFileReference; includeInIndex = 1; lastKnownFileType = sourcecode.swift; path = PanelGeometryTests.swift; sourceTree = "<group>"; };
		47CBD41FCBC6882B1A5326EA70C142EE /* GlobalHotKey.swift */ = {isa = PBXFileReference; includeInIndex = 1; lastKnownFileType = sourcecode.swift; name = GlobalHotKey.swift; path = Services/GlobalHotKey.swift; sourceTree = "<group>"; };
		4D3DD4548E46ED9C7BFE094462C52133 /* TaskStatusButton.swift */ = {isa = PBXFileReference; includeInIndex = 1; lastKnownFileType = sourcecode.swift; name = TaskStatusButton.swift; path = Views/Panel/TaskStatusButton.swift; sourceTree = "<group>"; };
		5CB026E360D3B67611755D36866B5056 /* PersistenceController.swift */ = {isa = PBXFileReference; includeInIndex = 1; lastKnownFileType = sourcecode.swift; name = PersistenceController.swift; path = Services/PersistenceController.swift; sourceTree = "<group>"; };
		62C877F0903E44AF83774E087BA6DB9E /* TaskStoreMobileTests.swift */ = {isa = PBXFileReference; includeInIndex = 1; lastKnownFileType = sourcecode.swift; path = TaskStoreMobileTests.swift; sourceTree = "<group>"; };
		64729E0E70FB6DF3140DB7D78B0DF605 /* DailyCleanupService.swift */ = {isa = PBXFileReference; includeInIndex = 1; lastKnownFileType = sourcecode.swift; name = DailyCleanupService.swift; path = Services/DailyCleanupService.swift; sourceTree = "<group>"; };
		65E610338F486ECB796025026B3D628E /* AppCoordinator.swift */ = {isa = PBXFileReference; includeInIndex = 1; lastKnownFileType = sourcecode.swift; name = AppCoordinator.swift; path = App/AppCoordinator.swift; sourceTree = "<group>"; };
		6A6A282700784A03D063EB8C91D9834B /* PeekabooTests.xctest */ = {isa = PBXFileReference; explicitFileType = wrapper.cfbundle; includeInIndex = 0; path = PeekabooTests.xctest; sourceTree = BUILT_PRODUCTS_DIR; };
		71183BF3A6E10BF398483C6AE7DD638F /* AgentServer.swift */ = {isa = PBXFileReference; includeInIndex = 1; lastKnownFileType = sourcecode.swift; name = AgentServer.swift; path = Services/AgentServer/AgentServer.swift; sourceTree = "<group>"; };
		731AB244F6420D32E6801EFB002A297D /* Foundation.framework */ = {isa = PBXFileReference; lastKnownFileType = wrapper.framework; name = Foundation.framework; path = Platforms/iPhoneOS.platform/Developer/SDKs/iPhoneOS18.0.sdk/System/Library/Frameworks/Foundation.framework; sourceTree = DEVELOPER_DIR; };
		7592A861D8A472CF386AB3E9AEA3631F /* TaskComposerView.swift */ = {isa = PBXFileReference; includeInIndex = 1; lastKnownFileType = sourcecode.swift; name = TaskComposerView.swift; path = Views/Panel/TaskComposerView.swift; sourceTree = "<group>"; };
		788C3E5963820F4C33C34B916897A386 /* PeekPanelController.swift */ = {isa = PBXFileReference; includeInIndex = 1; lastKnownFileType = sourcecode.swift; name = PeekPanelController.swift; path = Window/PeekPanelController.swift; sourceTree = "<group>"; };
		7DE65CDB894140CB323E622829180864 /* MobileAppModel.swift */ = {isa = PBXFileReference; includeInIndex = 1; lastKnownFileType = sourcecode.swift; name = MobileAppModel.swift; path = App/MobileAppModel.swift; sourceTree = "<group>"; };
		82815DCBB5FDDF15495E559DEF685BCC /* TaskDragPayload.swift */ = {isa = PBXFileReference; includeInIndex = 1; lastKnownFileType = sourcecode.swift; name = TaskDragPayload.swift; path = Models/TaskDragPayload.swift; sourceTree = "<group>"; };
		828672130F1D7B31ED73F5C9E230D185 /* TaskRowView.swift */ = {isa = PBXFileReference; includeInIndex = 1; lastKnownFileType = sourcecode.swift; name = TaskRowView.swift; path = Views/Panel/TaskRowView.swift; sourceTree = "<group>"; };
		89D210D7F89F7011387742CDA6B018D2 /* AppSettings.swift */ = {isa = PBXFileReference; includeInIndex = 1; lastKnownFileType = sourcecode.swift; name = AppSettings.swift; path = Services/AppSettings.swift; sourceTree = "<group>"; };
		8B7CC16D566BDCF5AE1C3E738BA06C70 /* PeekabooTheme.swift */ = {isa = PBXFileReference; includeInIndex = 1; lastKnownFileType = sourcecode.swift; name = PeekabooTheme.swift; path = Design/PeekabooTheme.swift; sourceTree = "<group>"; };
		8F1A5AEE551941F1D22A217D28E9312A /* PeekabooMobile.entitlements */ = {isa = PBXFileReference; includeInIndex = 1; lastKnownFileType = text.plist.entitlements; path = PeekabooMobile.entitlements; sourceTree = "<group>"; };
		975CC944B4D70462EB7312E5B80B9FF5 /* PeekabooUITests.xctest */ = {isa = PBXFileReference; explicitFileType = wrapper.cfbundle; includeInIndex = 0; path = PeekabooUITests.xctest; sourceTree = BUILT_PRODUCTS_DIR; };
		9810E449B8B76430003750627F5898C3 /* PeekabooMobileApp.swift */ = {isa = PBXFileReference; includeInIndex = 1; lastKnownFileType = sourcecode.swift; name = PeekabooMobileApp.swift; path = App/PeekabooMobileApp.swift; sourceTree = "<group>"; };
		9832F7F3BD779C7A87D1911E272659C6 /* TaskSectionView.swift */ = {isa = PBXFileReference; includeInIndex = 1; lastKnownFileType = sourcecode.swift; name = TaskSectionView.swift; path = Views/Panel/TaskSectionView.swift; sourceTree = "<group>"; };
		A19E56DFB12207702B2D1452537BA230 /* MCPRequestHandlerTests.swift */ = {isa = PBXFileReference; includeInIndex = 1; lastKnownFileType = sourcecode.swift; path = MCPRequestHandlerTests.swift; sourceTree = "<group>"; };
		ADE9EA49E1CFEDCDB72A2DF437BD486B /* LegacyTaskImporterTests.swift */ = {isa = PBXFileReference; includeInIndex = 1; lastKnownFileType = sourcecode.swift; path = LegacyTaskImporterTests.swift; sourceTree = "<group>"; };
		B0B1366AB228F5A4EB47DBDAE6A63D06 /* TaskTypes.swift */ = {isa = PBXFileReference; includeInIndex = 1; lastKnownFileType = sourcecode.swift; name = TaskTypes.swift; path = Models/TaskTypes.swift; sourceTree = "<group>"; };
		B447CAE7E91CBD3C6D29B6A37C892A6B /* AgentHTTPRequestTests.swift */ = {isa = PBXFileReference; includeInIndex = 1; lastKnownFileType = sourcecode.swift; path = AgentHTTPRequestTests.swift; sourceTree = "<group>"; };
		B5A862596A551136C1DB3A87A95E6206 /* CornerHoverStateMachine.swift */ = {isa = PBXFileReference; includeInIndex = 1; lastKnownFileType = sourcecode.swift; name = CornerHoverStateMachine.swift; path = Services/CornerHoverStateMachine.swift; sourceTree = "<group>"; };
		C1709CC765ABAA7609171BF04EF76726 /* PeekabooMobileTests.xctest */ = {isa = PBXFileReference; explicitFileType = wrapper.cfbundle; includeInIndex = 0; path = PeekabooMobileTests.xctest; sourceTree = BUILT_PRODUCTS_DIR; };
		C669FB88A9C2AB346C6F5AC2EE8B2D85 /* AppDelegate.swift */ = {isa = PBXFileReference; includeInIndex = 1; lastKnownFileType = sourcecode.swift; name = AppDelegate.swift; path = App/AppDelegate.swift; sourceTree = "<group>"; };
		C9F96AF453E5FDB75C59641DC0023829 /* PanelGeometry.swift */ = {isa = PBXFileReference; includeInIndex = 1; lastKnownFileType = sourcecode.swift; name = PanelGeometry.swift; path = Services/PanelGeometry.swift; sourceTree = "<group>"; };
		CDAFA8450C2AE46D2919C08360D98CB7 /* PeekabooMobile.app */ = {isa = PBXFileReference; explicitFileType = wrapper.application; includeInIndex = 0; path = PeekabooMobile.app; sourceTree = BUILT_PRODUCTS_DIR; };
		D27FD8021B4470F4FB2BAD9F01DA5A63 /* LoginItemService.swift */ = {isa = PBXFileReference; includeInIndex = 1; lastKnownFileType = sourcecode.swift; name = LoginItemService.swift; path = Services/LoginItemService.swift; sourceTree = "<group>"; };
		DB93635FAC972C5A9994F96FF7A027A9 /* Peekaboo.entitlements */ = {isa = PBXFileReference; includeInIndex = 1; lastKnownFileType = text.plist.entitlements; path = Peekaboo.entitlements; sourceTree = "<group>"; };
		DC373A67F4A2CF278DC67784D32528A3 /* PanelUIState.swift */ = {isa = PBXFileReference; includeInIndex = 1; lastKnownFileType = sourcecode.swift; name = PanelUIState.swift; path = Window/PanelUIState.swift; sourceTree = "<group>"; };
		DE690408A4101C7B472035579093C940 /* CornerHoverMonitor.swift */ = {isa = PBXFileReference; includeInIndex = 1; lastKnownFileType = sourcecode.swift; name = CornerHoverMonitor.swift; path = Services/CornerHoverMonitor.swift; sourceTree = "<group>"; };
		E30E6340D3C8E643DC83F3EB344B8D55 /* SettingsView.swift */ = {isa = PBXFileReference; includeInIndex = 1; lastKnownFileType = sourcecode.swift; name = SettingsView.swift; path = Views/Settings/SettingsView.swift; sourceTree = "<group>"; };
		E4EF8C3535690A315D379A8F0B1F7ACE /* PeekPanel.swift */ = {isa = PBXFileReference; includeInIndex = 1; lastKnownFileType = sourcecode.swift; name = PeekPanel.swift; path = Window/PeekPanel.swift; sourceTree = "<group>"; };
		E4F44BF4B6FF1F9E9A77BF2817F8E492 /* PeekabooMobileUITests.swift */ = {isa = PBXFileReference; includeInIndex = 1; lastKnownFileType = sourcecode.swift; path = PeekabooMobileUITests.swift; sourceTree = "<group>"; };
		E6210317549E93619879DD82DB8DF53C /* SettingsWindowController.swift */ = {isa = PBXFileReference; includeInIndex = 1; lastKnownFileType = sourcecode.swift; name = SettingsWindowController.swift; path = Window/SettingsWindowController.swift; sourceTree = "<group>"; };
		E733B0A240D53DD37F8023DAB5687AA4 /* AgentTaskTools.swift */ = {isa = PBXFileReference; includeInIndex = 1; lastKnownFileType = sourcecode.swift; name = AgentTaskTools.swift; path = Services/AgentServer/AgentTaskTools.swift; sourceTree = "<group>"; };
		E9E685B08D8107097C9FA5DDBB548015 /* PeekabooMobileUITests.xctest */ = {isa = PBXFileReference; explicitFileType = wrapper.cfbundle; includeInIndex = 0; path = PeekabooMobileUITests.xctest; sourceTree = BUILT_PRODUCTS_DIR; };
		EB18D66E8928A6A5BBFF6B9A780B6A55 /* TaskActionsMenu.swift */ = {isa = PBXFileReference; includeInIndex = 1; lastKnownFileType = sourcecode.swift; name = TaskActionsMenu.swift; path = Design/TaskActionsMenu.swift; sourceTree = "<group>"; };
		EE9F4A1520E795DFF8DEAB2A97A57ED0 /* PeekabooStyle.swift */ = {isa = PBXFileReference; includeInIndex = 1; lastKnownFileType = sourcecode.swift; name = PeekabooStyle.swift; path = Design/PeekabooStyle.swift; sourceTree = "<group>"; };
		F0B5153573FBB8308FA633ACD8D8517C /* MenuBarView.swift */ = {isa = PBXFileReference; includeInIndex = 1; lastKnownFileType = sourcecode.swift; name = MenuBarView.swift; path = Views/MenuBarView.swift; sourceTree = "<group>"; };
		F3F51C2773F0EAA6B43E2E9413E70211 /* CornerPicker.swift */ = {isa = PBXFileReference; includeInIndex = 1; lastKnownFileType = sourcecode.swift; name = CornerPicker.swift; path = Views/Settings/CornerPicker.swift; sourceTree = "<group>"; };
		F55790EA0E31D849E110A983509514AD /* PeekabooDebug.entitlements */ = {isa = PBXFileReference; includeInIndex = 1; lastKnownFileType = text.plist.entitlements; path = PeekabooDebug.entitlements; sourceTree = "<group>"; };
		FEED19FF47B8B5058FE9F9040242ADFB /* PeekabooApp.swift */ = {isa = PBXFileReference; includeInIndex = 1; lastKnownFileType = sourcecode.swift; name = PeekabooApp.swift; path = App/PeekabooApp.swift; sourceTree = "<group>"; };
/* End PBXFileReference section */

/* Begin PBXFrameworksBuildPhase section */
		09589727EFB66FC7E97C7E3E754B021E /* Frameworks */ = {
			isa = PBXFrameworksBuildPhase;
			buildActionMask = 2147483647;
			files = (
				D5AEF9B3DA6FC26114D009D998A389F7 /* Foundation.framework in Frameworks */,
			);
			runOnlyForDeploymentPostprocessing = 0;
		};
		2A0A383680B2CF1BDEC0A4649B206682 /* Frameworks */ = {
			isa = PBXFrameworksBuildPhase;
			buildActionMask = 2147483647;
			files = (
				B423E18D2AE30614FB2128E300E8B94E /* Foundation.framework in Frameworks */,
			);
			runOnlyForDeploymentPostprocessing = 0;
		};
		56383A733C46D47133D33243845AC3C7 /* Frameworks */ = {
			isa = PBXFrameworksBuildPhase;
			buildActionMask = 2147483647;
			files = (
				57E5A70A2C57E1925BA911E45F9822C0 /* Cocoa.framework in Frameworks */,
			);
			runOnlyForDeploymentPostprocessing = 0;
		};
		6D87B1937C5D092CF8BAD87A5BE1E81D /* Frameworks */ = {
			isa = PBXFrameworksBuildPhase;
			buildActionMask = 2147483647;
			files = (
				A52E53AB9CDD04DDEFFDBFB94C89D526 /* Foundation.framework in Frameworks */,
			);
			runOnlyForDeploymentPostprocessing = 0;
		};
		87255D162ED9737DAC0CBC2A027ECA70 /* Frameworks */ = {
			isa = PBXFrameworksBuildPhase;
			buildActionMask = 2147483647;
			files = (
				0090D8C697164E6AD0D87FB84BF9E449 /* Cocoa.framework in Frameworks */,
			);
			runOnlyForDeploymentPostprocessing = 0;
		};
		A92F9F92EF7F809D508ABD3CF2034BBE /* Frameworks */ = {
			isa = PBXFrameworksBuildPhase;
			buildActionMask = 2147483647;
			files = (
				D1633C8789553C56D7AAB26835661A8D /* Cocoa.framework in Frameworks */,
			);
			runOnlyForDeploymentPostprocessing = 0;
		};
/* End PBXFrameworksBuildPhase section */

/* Begin PBXGroup section */
		08EF0E3836C22C96D65A583AA1A0C101 /* Frameworks */ = {
			isa = PBXGroup;
			children = (
				13D744ED7A2524100BB9D2A2306B078F /* OS X */,
				8CB817C502839C612057211345DA4F4D /* iOS */,
			);
			name = Frameworks;
			sourceTree = "<group>";
		};
		13D744ED7A2524100BB9D2A2306B078F /* OS X */ = {
			isa = PBXGroup;
			children = (
				186D344FA5D990A41332B118A9CE76CD /* Cocoa.framework */,
			);
			name = "OS X";
			sourceTree = "<group>";
		};
		2A1497E0F502E4C3AB5B938FCD3E44EE = {
			isa = PBXGroup;
			children = (
				4038C8D5CB393F7EB55EB184DED1A955 /* Products */,
				08EF0E3836C22C96D65A583AA1A0C101 /* Frameworks */,
				548F77E995AA4AC37AA98980BBD25AC2 /* Peekaboo */,
				AB419399274C220D2CD5BFBA7F892A45 /* PeekabooTests */,
				6EEF6C52F364803D09C9471E8FA3E103 /* PeekabooUITests */,
				797573C6B09720B9F8A034543F187A70 /* PeekabooMobile */,
				6EB23469E292A7CC8DE64F3ABDA449E9 /* PeekabooMobileTests */,
				5DCF57913AE80D4CB67550DECD3CE8EB /* PeekabooMobileUITests */,
			);
			sourceTree = "<group>";
		};
		4038C8D5CB393F7EB55EB184DED1A955 /* Products */ = {
			isa = PBXGroup;
			children = (
				2BF8BF26A6AFE62C407A4399D1DB3872 /* Peekaboo.app */,
				6A6A282700784A03D063EB8C91D9834B /* PeekabooTests.xctest */,
				975CC944B4D70462EB7312E5B80B9FF5 /* PeekabooUITests.xctest */,
				CDAFA8450C2AE46D2919C08360D98CB7 /* PeekabooMobile.app */,
				C1709CC765ABAA7609171BF04EF76726 /* PeekabooMobileTests.xctest */,
				E9E685B08D8107097C9FA5DDBB548015 /* PeekabooMobileUITests.xctest */,
			);
			name = Products;
			sourceTree = "<group>";
		};
		548F77E995AA4AC37AA98980BBD25AC2 /* Peekaboo */ = {
			isa = PBXGroup;
			children = (
				65E610338F486ECB796025026B3D628E /* AppCoordinator.swift */,
				C669FB88A9C2AB346C6F5AC2EE8B2D85 /* AppDelegate.swift */,
				FEED19FF47B8B5058FE9F9040242ADFB /* PeekabooApp.swift */,
				EE9F4A1520E795DFF8DEAB2A97A57ED0 /* PeekabooStyle.swift */,
				8B7CC16D566BDCF5AE1C3E738BA06C70 /* PeekabooTheme.swift */,
				EB18D66E8928A6A5BBFF6B9A780B6A55 /* TaskActionsMenu.swift */,
				82815DCBB5FDDF15495E559DEF685BCC /* TaskDragPayload.swift */,
				1C8F6C019DB21E30C4D8D522A907E1ED /* TaskItem.swift */,
				B0B1366AB228F5A4EB47DBDAE6A63D06 /* TaskTypes.swift */,
				1692575A5DCA34E15726BE74A1A6C0B8 /* AgentAccessTokenStore.swift */,
				09BBAFE5DD404B8B72F5A73F93A8DA7B /* AgentHTTPRequest.swift */,
				71183BF3A6E10BF398483C6AE7DD638F /* AgentServer.swift */,
				E733B0A240D53DD37F8023DAB5687AA4 /* AgentTaskTools.swift */,
				15543F3E1FC9B85C7C45A8748A5B9F4E /* MCPRequestHandler.swift */,
				89D210D7F89F7011387742CDA6B018D2 /* AppSettings.swift */,
				DE690408A4101C7B472035579093C940 /* CornerHoverMonitor.swift */,
				B5A862596A551136C1DB3A87A95E6206 /* CornerHoverStateMachine.swift */,
				64729E0E70FB6DF3140DB7D78B0DF605 /* DailyCleanupService.swift */,
				47CBD41FCBC6882B1A5326EA70C142EE /* GlobalHotKey.swift */,
				1EE2CCE1DDF663965CA22F958BFC8775 /* LegacyTaskImporter.swift */,
				D27FD8021B4470F4FB2BAD9F01DA5A63 /* LoginItemService.swift */,
				C9F96AF453E5FDB75C59641DC0023829 /* PanelGeometry.swift */,
				5CB026E360D3B67611755D36866B5056 /* PersistenceController.swift */,
				31CA17E430D5CAE190C78B665DD0E5C5 /* TaskStore.swift */,
				F0B5153573FBB8308FA633ACD8D8517C /* MenuBarView.swift */,
				25A7F69EADB8450229FDE574CFE6A761 /* PeekPanelView.swift */,
				7592A861D8A472CF386AB3E9AEA3631F /* TaskComposerView.swift */,
				828672130F1D7B31ED73F5C9E230D185 /* TaskRowView.swift */,
				9832F7F3BD779C7A87D1911E272659C6 /* TaskSectionView.swift */,
				4D3DD4548E46ED9C7BFE094462C52133 /* TaskStatusButton.swift */,
				F3F51C2773F0EAA6B43E2E9413E70211 /* CornerPicker.swift */,
				E30E6340D3C8E643DC83F3EB344B8D55 /* SettingsView.swift */,
				DC373A67F4A2CF278DC67784D32528A3 /* PanelUIState.swift */,
				E4EF8C3535690A315D379A8F0B1F7ACE /* PeekPanel.swift */,
				788C3E5963820F4C33C34B916897A386 /* PeekPanelController.swift */,
				E6210317549E93619879DD82DB8DF53C /* SettingsWindowController.swift */,
				0715C8E682C615F43D30F48078B93E66 /* Assets.xcassets */,
				31BB667C508DADF7488390C39E9936DA /* PrivacyInfo.xcprivacy */,
				DB93635FAC972C5A9994F96FF7A027A9 /* Peekaboo.entitlements */,
				F55790EA0E31D849E110A983509514AD /* PeekabooDebug.entitlements */,
				30A7DBC23BE383D815C68D7F93DA982E /* PeekabooLocal.entitlements */,
				086BD093DB617E8E2B21F6E0302AB9D0 /* Info.plist */,
			);
			name = Peekaboo;
			path = Peekaboo;
			sourceTree = "<group>";
		};
		5DCF57913AE80D4CB67550DECD3CE8EB /* PeekabooMobileUITests */ = {
			isa = PBXGroup;
			children = (
				E4F44BF4B6FF1F9E9A77BF2817F8E492 /* PeekabooMobileUITests.swift */,
			);
			name = PeekabooMobileUITests;
			path = PeekabooMobileUITests;
			sourceTree = "<group>";
		};
		6EB23469E292A7CC8DE64F3ABDA449E9 /* PeekabooMobileTests */ = {
			isa = PBXGroup;
			children = (
				62C877F0903E44AF83774E087BA6DB9E /* TaskStoreMobileTests.swift */,
			);
			name = PeekabooMobileTests;
			path = PeekabooMobileTests;
			sourceTree = "<group>";
		};
		6EEF6C52F364803D09C9471E8FA3E103 /* PeekabooUITests */ = {
			isa = PBXGroup;
			children = (
				37C89E71F8DFCAAC0F0C0FD46E0FDDD5 /* PeekabooUITests.swift */,
			);
			name = PeekabooUITests;
			path = PeekabooUITests;
			sourceTree = "<group>";
		};
		797573C6B09720B9F8A034543F187A70 /* PeekabooMobile */ = {
			isa = PBXGroup;
			children = (
				7DE65CDB894140CB323E622829180864 /* MobileAppModel.swift */,
				9810E449B8B76430003750627F5898C3 /* PeekabooMobileApp.swift */,
				097C4ECC68CD8A24513C7EC5EB51154B /* MobileAppRoot.swift */,
				17CEDF697981694A53716779DD388624 /* MobileTaskEditor.swift */,
				3B48638AD242574761FC2AEFA3221F39 /* MobileTaskListScreen.swift */,
				12E468E3F3836AAD0D4816CE7E32120C /* MobileTaskRow.swift */,
				8F1A5AEE551941F1D22A217D28E9312A /* PeekabooMobile.entitlements */,
				2D4ED475097275B25C9CE80EE29BEEF2 /* Info.plist */,
			);
			name = PeekabooMobile;
			path = PeekabooMobile;
			sourceTree = "<group>";
		};
		8CB817C502839C612057211345DA4F4D /* iOS */ = {
			isa = PBXGroup;
			children = (
				731AB244F6420D32E6801EFB002A297D /* Foundation.framework */,
			);
			name = iOS;
			sourceTree = "<group>";
		};
		AB419399274C220D2CD5BFBA7F892A45 /* PeekabooTests */ = {
			isa = PBXGroup;
			children = (
				B447CAE7E91CBD3C6D29B6A37C892A6B /* AgentHTTPRequestTests.swift */,
				4175D878C1A7B5E7B227B97ADA756412 /* CornerHoverStateMachineTests.swift */,
				0BD8C06926FED82925AF287718671558 /* DailyCleanupServiceTests.swift */,
				ADE9EA49E1CFEDCDB72A2DF437BD486B /* LegacyTaskImporterTests.swift */,
				A19E56DFB12207702B2D1452537BA230 /* MCPRequestHandlerTests.swift */,
				4376E5142C6AC70CA1F1188B366A3E2A /* PanelGeometryTests.swift */,
				30994A17135276AFF4FFEB80BAAC49D0 /* TaskStoreTests.swift */,
				331AB6C81925923273341B2375B2F19A /* TestSupport.swift */,
			);
			name = PeekabooTests;
			path = PeekabooTests;
			sourceTree = "<group>";
		};
/* End PBXGroup section */

/* Begin PBXNativeTarget section */
		13D102536BA9F2C733D781249C1B792F /* Peekaboo */ = {
			isa = PBXNativeTarget;
			buildConfigurationList = 474BDCF60BC03A47188FCBFFFDAF0855 /* Build configuration list for PBXNativeTarget "Peekaboo" */;
			buildPhases = (
				4467CF93262EC05133AB2014EBE2B193 /* Sources */,
				87255D162ED9737DAC0CBC2A027ECA70 /* Frameworks */,
				FDE0B35CF9867E71BD11AD0E8FA77919 /* Resources */,
			);
			buildRules = (
			);
			dependencies = (
			);
			name = Peekaboo;
			productName = Peekaboo;
			productReference = 2BF8BF26A6AFE62C407A4399D1DB3872 /* Peekaboo.app */;
			productType = "com.apple.product-type.application";
		};
		3FA7943D1F00849FAFD045A124792666 /* PeekabooMobileUITests */ = {
			isa = PBXNativeTarget;
			buildConfigurationList = FF14BA1687B3ED6EF4176E4055AE9D0F /* Build configuration list for PBXNativeTarget "PeekabooMobileUITests" */;
			buildPhases = (
				F96830FCFF79B7FA3A23789BEC28B43A /* Sources */,
				09589727EFB66FC7E97C7E3E754B021E /* Frameworks */,
				D730E2ECD7A5761EE699B5802B44DD5E /* Resources */,
			);
			buildRules = (
			);
			dependencies = (
				BFBAE909E6AA7C6A8FDD3D2DA13012BF /* PBXTargetDependency */,
			);
			name = PeekabooMobileUITests;
			productName = PeekabooMobileUITests;
			productReference = E9E685B08D8107097C9FA5DDBB548015 /* PeekabooMobileUITests.xctest */;
			productType = "com.apple.product-type.bundle.ui-testing";
		};
		7ABEFA8004CD36BC249BAB3AA717B0A4 /* PeekabooMobile */ = {
			isa = PBXNativeTarget;
			buildConfigurationList = FA9A7B21823A50D2B0CC3A1BBE5BA88B /* Build configuration list for PBXNativeTarget "PeekabooMobile" */;
			buildPhases = (
				AFBE3D9206361DB55ED259D7EEA6D7A9 /* Sources */,
				6D87B1937C5D092CF8BAD87A5BE1E81D /* Frameworks */,
				0F051CA3BBC544C1B761F49A4795AF3E /* Resources */,
			);
			buildRules = (
			);
			dependencies = (
			);
			name = PeekabooMobile;
			productName = PeekabooMobile;
			productReference = CDAFA8450C2AE46D2919C08360D98CB7 /* PeekabooMobile.app */;
			productType = "com.apple.product-type.application";
		};
		C731C2FDBC697B59F8F228B14BC52421 /* PeekabooTests */ = {
			isa = PBXNativeTarget;
			buildConfigurationList = 31CC45BFECD2D872E71C3381A3B3E9F2 /* Build configuration list for PBXNativeTarget "PeekabooTests" */;
			buildPhases = (
				75774D0AADE6025F3A1F584C881355E7 /* Sources */,
				A92F9F92EF7F809D508ABD3CF2034BBE /* Frameworks */,
				E3EABB49387A17494770AF79C097983D /* Resources */,
			);
			buildRules = (
			);
			dependencies = (
				56C4C2F0255C70D08D6E3305835C6A1C /* PBXTargetDependency */,
			);
			name = PeekabooTests;
			productName = PeekabooTests;
			productReference = 6A6A282700784A03D063EB8C91D9834B /* PeekabooTests.xctest */;
			productType = "com.apple.product-type.bundle.unit-test";
		};
		EA24A28AA74D25924083CF7AE04E7535 /* PeekabooUITests */ = {
			isa = PBXNativeTarget;
			buildConfigurationList = CA7E68A2CB761222C92A3302DC9BF92B /* Build configuration list for PBXNativeTarget "PeekabooUITests" */;
			buildPhases = (
				7CEE98AC55427632CDF883C11286CE00 /* Sources */,
				56383A733C46D47133D33243845AC3C7 /* Frameworks */,
				2891B4EE64603BF645F27EB52E2D3AB7 /* Resources */,
			);
			buildRules = (
			);
			dependencies = (
				FDF04D00BE1592AB6001E6CF2FF40AD2 /* PBXTargetDependency */,
			);
			name = PeekabooUITests;
			productName = PeekabooUITests;
			productReference = 975CC944B4D70462EB7312E5B80B9FF5 /* PeekabooUITests.xctest */;
			productType = "com.apple.product-type.bundle.ui-testing";
		};
		F2187DC1DD54C7D394D3652E2A0C722F /* PeekabooMobileTests */ = {
			isa = PBXNativeTarget;
			buildConfigurationList = 9742E823409B051B2E3580D4E35C2B06 /* Build configuration list for PBXNativeTarget "PeekabooMobileTests" */;
			buildPhases = (
				6E77A019192004211B2AC79D3736D2F9 /* Sources */,
				2A0A383680B2CF1BDEC0A4649B206682 /* Frameworks */,
				89AAFA6F75E4E738794F3481DFFA616E /* Resources */,
			);
			buildRules = (
			);
			dependencies = (
				C17692C1D7AD85AA3841CF3A52729DA2 /* PBXTargetDependency */,
			);
			name = PeekabooMobileTests;
			productName = PeekabooMobileTests;
			productReference = C1709CC765ABAA7609171BF04EF76726 /* PeekabooMobileTests.xctest */;
			productType = "com.apple.product-type.bundle.unit-test";
		};
/* End PBXNativeTarget section */

/* Begin PBXProject section */
		99F19F834991D83263BFAD44E7AB152C /* Project object */ = {
			isa = PBXProject;
			attributes = {
				LastSwiftUpdateCheck = 2660;
				LastUpgradeCheck = 2660;
				TargetAttributes = {
					13D102536BA9F2C733D781249C1B792F = {
						SystemCapabilities = {
							com.apple.Push = {
								enabled = 1;
							};
							com.apple.iCloud = {
								enabled = 1;
							};
						};
					};
					7ABEFA8004CD36BC249BAB3AA717B0A4 = {
						SystemCapabilities = {
							com.apple.BackgroundModes = {
								enabled = 1;
							};
							com.apple.Push = {
								enabled = 1;
							};
							com.apple.iCloud = {
								enabled = 1;
							};
						};
					};
				};
			};
			buildConfigurationList = 6CB7439B139033E9E975982201483743 /* Build configuration list for PBXProject "Peekaboo" */;
			compatibilityVersion = "Xcode 16.0";
			developmentRegion = en;
			hasScannedForEncodings = 0;
			knownRegions = (
				en,
				Base,
			);
			mainGroup = 2A1497E0F502E4C3AB5B938FCD3E44EE;
			productRefGroup = 4038C8D5CB393F7EB55EB184DED1A955 /* Products */;
			projectDirPath = "";
			projectRoot = "";
			targets = (
				13D102536BA9F2C733D781249C1B792F /* Peekaboo */,
				C731C2FDBC697B59F8F228B14BC52421 /* PeekabooTests */,
				EA24A28AA74D25924083CF7AE04E7535 /* PeekabooUITests */,
				7ABEFA8004CD36BC249BAB3AA717B0A4 /* PeekabooMobile */,
				F2187DC1DD54C7D394D3652E2A0C722F /* PeekabooMobileTests */,
				3FA7943D1F00849FAFD045A124792666 /* PeekabooMobileUITests */,
			);
		};
/* End PBXProject section */

/* Begin PBXResourcesBuildPhase section */
		0F051CA3BBC544C1B761F49A4795AF3E /* Resources */ = {
			isa = PBXResourcesBuildPhase;
			buildActionMask = 2147483647;
			files = (
				619B8B2E7AB258E781DF172B9127DC22 /* Assets.xcassets in Resources */,
				442A17CDBF1BC1E8062CE8C62505D465 /* PrivacyInfo.xcprivacy in Resources */,
			);
			runOnlyForDeploymentPostprocessing = 0;
		};
		2891B4EE64603BF645F27EB52E2D3AB7 /* Resources */ = {
			isa = PBXResourcesBuildPhase;
			buildActionMask = 2147483647;
			files = (
			);
			runOnlyForDeploymentPostprocessing = 0;
		};
		89AAFA6F75E4E738794F3481DFFA616E /* Resources */ = {
			isa = PBXResourcesBuildPhase;
			buildActionMask = 2147483647;
			files = (
			);
			runOnlyForDeploymentPostprocessing = 0;
		};
		D730E2ECD7A5761EE699B5802B44DD5E /* Resources */ = {
			isa = PBXResourcesBuildPhase;
			buildActionMask = 2147483647;
			files = (
			);
			runOnlyForDeploymentPostprocessing = 0;
		};
		E3EABB49387A17494770AF79C097983D /* Resources */ = {
			isa = PBXResourcesBuildPhase;
			buildActionMask = 2147483647;
			files = (
			);
			runOnlyForDeploymentPostprocessing = 0;
		};
		FDE0B35CF9867E71BD11AD0E8FA77919 /* Resources */ = {
			isa = PBXResourcesBuildPhase;
			buildActionMask = 2147483647;
			files = (
				07A499229DB1EFD341C331D3CDAC051A /* Assets.xcassets in Resources */,
				47D2655C0360262AAC4649C75B83ECAD /* PrivacyInfo.xcprivacy in Resources */,
			);
			runOnlyForDeploymentPostprocessing = 0;
		};
/* End PBXResourcesBuildPhase section */

/* Begin PBXSourcesBuildPhase section */
		4467CF93262EC05133AB2014EBE2B193 /* Sources */ = {
			isa = PBXSourcesBuildPhase;
			buildActionMask = 2147483647;
			files = (
				9B650A3030D9B274F9304909D52206D7 /* AppCoordinator.swift in Sources */,
				B330722198F443A5FF433E750410F744 /* AppDelegate.swift in Sources */,
				FD2B44B0DB819292DA4CE1F4E60389F5 /* PeekabooApp.swift in Sources */,
				887B775591B8753D05EE0D52450C7B3C /* PeekabooStyle.swift in Sources */,
				9968FD7BA59B443FED52B30E4FDD01C9 /* PeekabooTheme.swift in Sources */,
				72F6B32181F5C54144860FD169C8D56B /* TaskActionsMenu.swift in Sources */,
				379BB4BF11D91CEC21EC3E35600272E7 /* TaskDragPayload.swift in Sources */,
				41E3D07135C5FB8C69A41CD5C1247BC8 /* TaskItem.swift in Sources */,
				375D51702DC1EC4E32BA73E9A94F3B9C /* TaskTypes.swift in Sources */,
				85EF66BC2EE3F5F9507A8FE11950C5A4 /* AgentAccessTokenStore.swift in Sources */,
				E6ACF711F551EFED49F7A604FE36FE8A /* AgentHTTPRequest.swift in Sources */,
				D73C1295A6C55E5065FAB119D8972AF9 /* AgentServer.swift in Sources */,
				4711146CB857D3A841A911C06F8B3B18 /* AgentTaskTools.swift in Sources */,
				E8908683120F26C3D35E74B70909672E /* MCPRequestHandler.swift in Sources */,
				2ED3081EB5BB18303E44EBF7A037546B /* AppSettings.swift in Sources */,
				23919633709D9CEBF34CB235F37E2DB8 /* CornerHoverMonitor.swift in Sources */,
				CEBA0279917FF5752B3869CD4DA9B827 /* CornerHoverStateMachine.swift in Sources */,
				B49929A154A178EA409FDB379D13BE4F /* DailyCleanupService.swift in Sources */,
				D91E48C971FBB5BC257799E7FC548DE3 /* GlobalHotKey.swift in Sources */,
				2FCA59EBDFE1912D1C5BCB5D91CC19B5 /* LegacyTaskImporter.swift in Sources */,
				EB790A4F7ACECDAB4F9D072DA79EC6B7 /* LoginItemService.swift in Sources */,
				A7047977D8056DB0A6C8D0D272177B4B /* PanelGeometry.swift in Sources */,
				EB88BEC38D722016AE89203E015F7A3C /* PersistenceController.swift in Sources */,
				6356FF43830D79969FCA42E94F1DE562 /* TaskStore.swift in Sources */,
				A8EDA25B682373460ECC1A597D4D08BF /* MenuBarView.swift in Sources */,
				EE767F1F7A2592504144DF6549CF3C08 /* PeekPanelView.swift in Sources */,
				BBEA47B40B66AB641585C28E14E3DC30 /* TaskComposerView.swift in Sources */,
				BFECB7A09EA5CA3DCA4E51E863804C4C /* TaskRowView.swift in Sources */,
				9F224964D12D5F0725D31271691F8A13 /* TaskSectionView.swift in Sources */,
				87352F2E9125950081A316D50BA80462 /* TaskStatusButton.swift in Sources */,
				7121D88552E61E5E19FC00D958EDAD5E /* CornerPicker.swift in Sources */,
				1097EC3BF6C0F82F22215D68CF4C7DC8 /* SettingsView.swift in Sources */,
				89E6D343922ABD3022D8A9AB98D0C6CC /* PanelUIState.swift in Sources */,
				809DCDCFF1FAD5853D195298030BA15E /* PeekPanel.swift in Sources */,
				CC37C88AF4C41B77E106E80500B0605A /* PeekPanelController.swift in Sources */,
				2F1F283DDCBE403C042D0842619B8A21 /* SettingsWindowController.swift in Sources */,
			);
			runOnlyForDeploymentPostprocessing = 0;
		};
		6E77A019192004211B2AC79D3736D2F9 /* Sources */ = {
			isa = PBXSourcesBuildPhase;
			buildActionMask = 2147483647;
			files = (
				70C3EB53A0D20024010D1C87177AF8CD /* TaskStoreMobileTests.swift in Sources */,
			);
			runOnlyForDeploymentPostprocessing = 0;
		};
		75774D0AADE6025F3A1F584C881355E7 /* Sources */ = {
			isa = PBXSourcesBuildPhase;
			buildActionMask = 2147483647;
			files = (
				2C8A418F18776F17327A8AE2E3FE6A66 /* AgentHTTPRequestTests.swift in Sources */,
				FE3F1F1845B85CD6D3963167413B3F57 /* CornerHoverStateMachineTests.swift in Sources */,
				D4954FE9CBD32D0BE43D95EEBDBC84C6 /* DailyCleanupServiceTests.swift in Sources */,
				19A29DFD69907FA5F0DE327FD037FAE6 /* LegacyTaskImporterTests.swift in Sources */,
				86AEA2DD8C1C1D31A2B528775381D0C6 /* MCPRequestHandlerTests.swift in Sources */,
				2BEE707D9CC7D7E546BB6378664FC090 /* PanelGeometryTests.swift in Sources */,
				77A5DFD27E83513E6D6CE3C0B8ABF735 /* TaskStoreTests.swift in Sources */,
				3617170A50DA7675D6AF821B4EABC285 /* TestSupport.swift in Sources */,
			);
			runOnlyForDeploymentPostprocessing = 0;
		};
		7CEE98AC55427632CDF883C11286CE00 /* Sources */ = {
			isa = PBXSourcesBuildPhase;
			buildActionMask = 2147483647;
			files = (
				39C5A3C7AB12ACAAE87CC698EEDF9374 /* PeekabooUITests.swift in Sources */,
			);
			runOnlyForDeploymentPostprocessing = 0;
		};
		AFBE3D9206361DB55ED259D7EEA6D7A9 /* Sources */ = {
			isa = PBXSourcesBuildPhase;
			buildActionMask = 2147483647;
			files = (
				4AA7EFD704403A7E0731551E975C1FC2 /* MobileAppModel.swift in Sources */,
				88A34F4730192D40EFC3BF4B8BBF0C8B /* PeekabooMobileApp.swift in Sources */,
				D42FB0660BCB543A7A1CB7799B30ABCA /* MobileAppRoot.swift in Sources */,
				FB358F809179A91BD1E80A3F1F497C29 /* MobileTaskEditor.swift in Sources */,
				6AC229635C2261B456C42A9F5A7CD0F8 /* MobileTaskListScreen.swift in Sources */,
				EDEC2789340356307F09AD4A415A3EF5 /* MobileTaskRow.swift in Sources */,
				64963A63246850685AE4812742C408B4 /* PeekabooTheme.swift in Sources */,
				64F2B32171EFBF3A88D92CFFB50B733A /* TaskActionsMenu.swift in Sources */,
				DDA88EBB49245F2531A205D5825BD40C /* TaskItem.swift in Sources */,
				B98A3C9031261A6D0A08BAD2FBEC41C5 /* TaskTypes.swift in Sources */,
				3657665ECA6DB58626DAB4363813545D /* PersistenceController.swift in Sources */,
				18EFD1B2799D4B77B3894542AC487CDB /* TaskStore.swift in Sources */,
			);
			runOnlyForDeploymentPostprocessing = 0;
		};
		F96830FCFF79B7FA3A23789BEC28B43A /* Sources */ = {
			isa = PBXSourcesBuildPhase;
			buildActionMask = 2147483647;
			files = (
				3B3C40097D831883364E735274E970BE /* PeekabooMobileUITests.swift in Sources */,
			);
			runOnlyForDeploymentPostprocessing = 0;
		};
/* End PBXSourcesBuildPhase section */

/* Begin PBXTargetDependency section */
		56C4C2F0255C70D08D6E3305835C6A1C /* PBXTargetDependency */ = {
			isa = PBXTargetDependency;
			name = Peekaboo;
			target = 13D102536BA9F2C733D781249C1B792F /* Peekaboo */;
			targetProxy = 08941739C535EAC46209A58DCF801912 /* PBXContainerItemProxy */;
		};
		BFBAE909E6AA7C6A8FDD3D2DA13012BF /* PBXTargetDependency */ = {
			isa = PBXTargetDependency;
			name = PeekabooMobile;
			target = 7ABEFA8004CD36BC249BAB3AA717B0A4 /* PeekabooMobile */;
			targetProxy = 6B46284B48C26085F37B38A24DE6DD6A /* PBXContainerItemProxy */;
		};
		C17692C1D7AD85AA3841CF3A52729DA2 /* PBXTargetDependency */ = {
			isa = PBXTargetDependency;
			name = PeekabooMobile;
			target = 7ABEFA8004CD36BC249BAB3AA717B0A4 /* PeekabooMobile */;
			targetProxy = D698731E2DCAD70A6E0BADFEDACBD482 /* PBXContainerItemProxy */;
		};
		FDF04D00BE1592AB6001E6CF2FF40AD2 /* PBXTargetDependency */ = {
			isa = PBXTargetDependency;
			name = Peekaboo;
			target = 13D102536BA9F2C733D781249C1B792F /* Peekaboo */;
			targetProxy = 44F8116140A3499063DDCDD1901AEFB6 /* PBXContainerItemProxy */;
		};
/* End PBXTargetDependency section */

/* Begin XCBuildConfiguration section */
		029A40DC15C089CD55F1B56A99778403 /* Local */ = {
			isa = XCBuildConfiguration;
			buildSettings = {
				CLANG_ENABLE_OBJC_WEAK = NO;
				CODE_SIGN_STYLE = Automatic;
				DEVELOPMENT_TEAM = 9ZYQ4G954D;
				GENERATE_INFOPLIST_FILE = YES;
				IPHONEOS_DEPLOYMENT_TARGET = 17.0;
				PRODUCT_BUNDLE_IDENTIFIER = com.paulbouzian.PeekabooMobileUITests;
				SDKROOT = iphoneos;
				SUPPORTED_PLATFORMS = "iphoneos iphonesimulator";
				SWIFT_STRICT_CONCURRENCY = minimal;
				SWIFT_VERSION = 5.0;
				TARGETED_DEVICE_FAMILY = 1;
				TEST_TARGET_NAME = PeekabooMobile;
			};
			name = Local;
		};
		17BE55A3A5B22931C20F790B6B372451 /* Local */ = {
			isa = XCBuildConfiguration;
			buildSettings = {
				APS_ENVIRONMENT = development;
				ASSETCATALOG_COMPILER_APPICON_NAME = AppIcon;
				ASSETCATALOG_COMPILER_GLOBAL_ACCENT_COLOR_NAME = AccentColor;
				CODE_SIGN_ENTITLEMENTS = Peekaboo/PeekabooLocal.entitlements;
				CODE_SIGN_STYLE = Automatic;
				COMBINE_HIDPI_IMAGES = YES;
				CURRENT_PROJECT_VERSION = 11;
				DEVELOPMENT_TEAM = 9ZYQ4G954D;
				ENABLE_APP_SANDBOX = YES;
				ENABLE_HARDENED_RUNTIME = YES;
				GENERATE_INFOPLIST_FILE = NO;
				ICLOUD_CONTAINER_ENVIRONMENT = Development;
				INFOPLIST_FILE = Peekaboo/Info.plist;
				LD_RUNPATH_SEARCH_PATHS = (
					"$(inherited)",
					"@executable_path/../Frameworks",
				);
				MACOSX_DEPLOYMENT_TARGET = 14.0;
				MARKETING_VERSION = 1.1;
				PRODUCT_BUNDLE_IDENTIFIER = com.paulbouzian.Peekaboo;
				PRODUCT_NAME = "$(TARGET_NAME)";
				SDKROOT = macosx;
				SWIFT_EMIT_LOC_STRINGS = YES;
				SWIFT_STRICT_CONCURRENCY = minimal;
				SWIFT_VERSION = 5.0;
			};
			name = Local;
		};
		1EF3F7F11B5E3C061AC998B1BD8880E8 /* Release */ = {
			isa = XCBuildConfiguration;
			buildSettings = {
				CODE_SIGN_STYLE = Automatic;
				DEVELOPMENT_TEAM = 9ZYQ4G954D;
				GENERATE_INFOPLIST_FILE = YES;
				MACOSX_DEPLOYMENT_TARGET = 14.0;
				PRODUCT_BUNDLE_IDENTIFIER = com.paulbouzian.PeekabooUITests;
				SDKROOT = macosx;
				SWIFT_STRICT_CONCURRENCY = minimal;
				SWIFT_VERSION = 5.0;
				TEST_TARGET_NAME = Peekaboo;
			};
			name = Release;
		};
		2BF73198AA4F64EE9BCE1676CE9FFD69 /* Release */ = {
			isa = XCBuildConfiguration;
			buildSettings = {
				BUNDLE_LOADER = "$(TEST_HOST)";
				CODE_SIGN_STYLE = Automatic;
				DEVELOPMENT_TEAM = 9ZYQ4G954D;
				GENERATE_INFOPLIST_FILE = YES;
				MACOSX_DEPLOYMENT_TARGET = 14.0;
				PRODUCT_BUNDLE_IDENTIFIER = com.paulbouzian.PeekabooTests;
				SDKROOT = macosx;
				SWIFT_STRICT_CONCURRENCY = minimal;
				SWIFT_VERSION = 5.0;
				TEST_HOST = "$(BUILT_PRODUCTS_DIR)/Peekaboo.app/Contents/MacOS/Peekaboo";
			};
			name = Release;
		};
		2F78E77169C8DE39040DDA6290C3AAC5 /* Debug */ = {
			isa = XCBuildConfiguration;
			buildSettings = {
				BUNDLE_LOADER = "$(TEST_HOST)";
				CLANG_ENABLE_OBJC_WEAK = NO;
				CODE_SIGN_STYLE = Automatic;
				DEVELOPMENT_TEAM = 9ZYQ4G954D;
				GENERATE_INFOPLIST_FILE = YES;
				IPHONEOS_DEPLOYMENT_TARGET = 17.0;
				PRODUCT_BUNDLE_IDENTIFIER = com.paulbouzian.PeekabooMobileTests;
				SDKROOT = iphoneos;
				SUPPORTED_PLATFORMS = "iphoneos iphonesimulator";
				SWIFT_STRICT_CONCURRENCY = minimal;
				SWIFT_VERSION = 5.0;
				TARGETED_DEVICE_FAMILY = 1;
				TEST_HOST = "$(BUILT_PRODUCTS_DIR)/PeekabooMobile.app/PeekabooMobile";
			};
			name = Debug;
		};
		350BBFC8198FA2969601EADC29AFD48E /* Debug */ = {
			isa = XCBuildConfiguration;
			buildSettings = {
				APS_ENVIRONMENT = development;
				ASSETCATALOG_COMPILER_APPICON_NAME = AppIcon;
				ASSETCATALOG_COMPILER_GLOBAL_ACCENT_COLOR_NAME = AccentColor;
				CLANG_ENABLE_OBJC_WEAK = NO;
				CODE_SIGN_ENTITLEMENTS = PeekabooMobile/PeekabooMobile.entitlements;
				CODE_SIGN_STYLE = Automatic;
				CURRENT_PROJECT_VERSION = 9;
				DEVELOPMENT_TEAM = 9ZYQ4G954D;
				GENERATE_INFOPLIST_FILE = NO;
				ICLOUD_CONTAINER_ENVIRONMENT = Development;
				INFOPLIST_FILE = PeekabooMobile/Info.plist;
				IPHONEOS_DEPLOYMENT_TARGET = 17.0;
				LD_RUNPATH_SEARCH_PATHS = (
					"$(inherited)",
					"@executable_path/Frameworks",
				);
				MARKETING_VERSION = 1.0;
				PRODUCT_BUNDLE_IDENTIFIER = com.paulbouzian.Peekaboo;
				PRODUCT_MODULE_NAME = PeekabooMobile;
				PRODUCT_NAME = "$(TARGET_NAME)";
				SDKROOT = iphoneos;
				SUPPORTED_PLATFORMS = "iphoneos iphonesimulator";
				SUPPORTS_MACCATALYST = NO;
				SWIFT_EMIT_LOC_STRINGS = YES;
				SWIFT_STRICT_CONCURRENCY = minimal;
				SWIFT_VERSION = 5.0;
				TARGETED_DEVICE_FAMILY = 1;
			};
			name = Debug;
		};
		453CAC2971B5E9D3504E0539405C7D2B /* Debug */ = {
			isa = XCBuildConfiguration;
			buildSettings = {
				CLANG_ENABLE_OBJC_WEAK = NO;
				CODE_SIGN_STYLE = Automatic;
				DEVELOPMENT_TEAM = 9ZYQ4G954D;
				GENERATE_INFOPLIST_FILE = YES;
				IPHONEOS_DEPLOYMENT_TARGET = 17.0;
				PRODUCT_BUNDLE_IDENTIFIER = com.paulbouzian.PeekabooMobileUITests;
				SDKROOT = iphoneos;
				SUPPORTED_PLATFORMS = "iphoneos iphonesimulator";
				SWIFT_STRICT_CONCURRENCY = minimal;
				SWIFT_VERSION = 5.0;
				TARGETED_DEVICE_FAMILY = 1;
				TEST_TARGET_NAME = PeekabooMobile;
			};
			name = Debug;
		};
		6083502EFEBDA2263737A4028115CF4E /* Debug */ = {
			isa = XCBuildConfiguration;
			buildSettings = {
				ALWAYS_SEARCH_USER_PATHS = NO;
				CLANG_ANALYZER_NONNULL = YES;
				CLANG_ANALYZER_NUMBER_OBJECT_CONVERSION = YES_AGGRESSIVE;
				CLANG_CXX_LANGUAGE_STANDARD = "gnu++14";
				CLANG_CXX_LIBRARY = "libc++";
				CLANG_ENABLE_MODULES = YES;
				CLANG_ENABLE_OBJC_ARC = YES;
				CLANG_ENABLE_OBJC_WEAK = YES;
				CLANG_WARN_BLOCK_CAPTURE_AUTORELEASING = YES;
				CLANG_WARN_BOOL_CONVERSION = YES;
				CLANG_WARN_COMMA = YES;
				CLANG_WARN_CONSTANT_CONVERSION = YES;
				CLANG_WARN_DEPRECATED_OBJC_IMPLEMENTATIONS = YES;
				CLANG_WARN_DIRECT_OBJC_ISA_USAGE = YES_ERROR;
				CLANG_WARN_DOCUMENTATION_COMMENTS = YES;
				CLANG_WARN_EMPTY_BODY = YES;
				CLANG_WARN_ENUM_CONVERSION = YES;
				CLANG_WARN_INFINITE_RECURSION = YES;
				CLANG_WARN_INT_CONVERSION = YES;
				CLANG_WARN_NON_LITERAL_NULL_CONVERSION = YES;
				CLANG_WARN_OBJC_IMPLICIT_RETAIN_SELF = YES;
				CLANG_WARN_OBJC_LITERAL_CONVERSION = YES;
				CLANG_WARN_OBJC_ROOT_CLASS = YES_ERROR;
				CLANG_WARN_QUOTED_INCLUDE_IN_FRAMEWORK_HEADER = YES;
				CLANG_WARN_RANGE_LOOP_ANALYSIS = YES;
				CLANG_WARN_STRICT_PROTOTYPES = YES;
				CLANG_WARN_SUSPICIOUS_MOVE = YES;
				CLANG_WARN_UNGUARDED_AVAILABILITY = YES_AGGRESSIVE;
				CLANG_WARN_UNREACHABLE_CODE = YES;
				CLANG_WARN__DUPLICATE_METHOD_MATCH = YES;
				COPY_PHASE_STRIP = NO;
				DEBUG_INFORMATION_FORMAT = dwarf;
				ENABLE_STRICT_OBJC_MSGSEND = YES;
				ENABLE_TESTABILITY = YES;
				GCC_C_LANGUAGE_STANDARD = gnu11;
				GCC_DYNAMIC_NO_PIC = NO;
				GCC_NO_COMMON_BLOCKS = YES;
				GCC_OPTIMIZATION_LEVEL = 0;
				GCC_PREPROCESSOR_DEFINITIONS = (
					"DEBUG=1",
					"$(inherited)",
				);
				GCC_WARN_64_TO_32_BIT_CONVERSION = YES;
				GCC_WARN_ABOUT_RETURN_TYPE = YES_ERROR;
				GCC_WARN_UNDECLARED_SELECTOR = YES;
				GCC_WARN_UNINITIALIZED_AUTOS = YES_AGGRESSIVE;
				GCC_WARN_UNUSED_FUNCTION = YES;
				GCC_WARN_UNUSED_VARIABLE = YES;
				IPHONEOS_DEPLOYMENT_TARGET = 17.0;
				MACOSX_DEPLOYMENT_TARGET = 14.0;
				MTL_ENABLE_DEBUG_INFO = INCLUDE_SOURCE;
				MTL_FAST_MATH = YES;
				ONLY_ACTIVE_ARCH = YES;
				PRODUCT_NAME = "$(TARGET_NAME)";
				SWIFT_ACTIVE_COMPILATION_CONDITIONS = DEBUG;
				SWIFT_OPTIMIZATION_LEVEL = "-Onone";
				SWIFT_VERSION = 5.0;
			};
			name = Debug;
		};
		62C58CF9C7F7E33932427721F0D999D8 /* Local */ = {
			isa = XCBuildConfiguration;
			buildSettings = {
				CODE_SIGN_STYLE = Automatic;
				DEVELOPMENT_TEAM = 9ZYQ4G954D;
				GENERATE_INFOPLIST_FILE = YES;
				MACOSX_DEPLOYMENT_TARGET = 14.0;
				PRODUCT_BUNDLE_IDENTIFIER = com.paulbouzian.PeekabooUITests;
				SDKROOT = macosx;
				SWIFT_STRICT_CONCURRENCY = minimal;
				SWIFT_VERSION = 5.0;
				TEST_TARGET_NAME = Peekaboo;
			};
			name = Local;
		};
		6C492E097D4123966D8A062E358D29A6 /* Debug */ = {
			isa = XCBuildConfiguration;
			buildSettings = {
				APS_ENVIRONMENT = development;
				ASSETCATALOG_COMPILER_APPICON_NAME = AppIcon;
				ASSETCATALOG_COMPILER_GLOBAL_ACCENT_COLOR_NAME = AccentColor;
				CODE_SIGN_ENTITLEMENTS = Peekaboo/PeekabooDebug.entitlements;
				CODE_SIGN_STYLE = Automatic;
				COMBINE_HIDPI_IMAGES = YES;
				CURRENT_PROJECT_VERSION = 11;
				DEVELOPMENT_TEAM = 9ZYQ4G954D;
				ENABLE_APP_SANDBOX = YES;
				ENABLE_HARDENED_RUNTIME = YES;
				GENERATE_INFOPLIST_FILE = NO;
				ICLOUD_CONTAINER_ENVIRONMENT = Development;
				INFOPLIST_FILE = Peekaboo/Info.plist;
				LD_RUNPATH_SEARCH_PATHS = (
					"$(inherited)",
					"@executable_path/../Frameworks",
				);
				MACOSX_DEPLOYMENT_TARGET = 14.0;
				MARKETING_VERSION = 1.1;
				PRODUCT_BUNDLE_IDENTIFIER = com.paulbouzian.Peekaboo;
				PRODUCT_NAME = "$(TARGET_NAME)";
				SDKROOT = macosx;
				SWIFT_EMIT_LOC_STRINGS = YES;
				SWIFT_STRICT_CONCURRENCY = minimal;
				SWIFT_VERSION = 5.0;
			};
			name = Debug;
		};
		76B29ACB3BAAC4F4B6BC4CEE20E96B87 /* Release */ = {
			isa = XCBuildConfiguration;
			buildSettings = {
				BUNDLE_LOADER = "$(TEST_HOST)";
				CLANG_ENABLE_OBJC_WEAK = NO;
				CODE_SIGN_STYLE = Automatic;
				DEVELOPMENT_TEAM = 9ZYQ4G954D;
				GENERATE_INFOPLIST_FILE = YES;
				IPHONEOS_DEPLOYMENT_TARGET = 17.0;
				PRODUCT_BUNDLE_IDENTIFIER = com.paulbouzian.PeekabooMobileTests;
				SDKROOT = iphoneos;
				SUPPORTED_PLATFORMS = "iphoneos iphonesimulator";
				SWIFT_STRICT_CONCURRENCY = minimal;
				SWIFT_VERSION = 5.0;
				TARGETED_DEVICE_FAMILY = 1;
				TEST_HOST = "$(BUILT_PRODUCTS_DIR)/PeekabooMobile.app/PeekabooMobile";
				VALIDATE_PRODUCT = YES;
			};
			name = Release;
		};
		7B7A9355586C7FF9AD6141B9C428721D /* Local */ = {
			isa = XCBuildConfiguration;
			buildSettings = {
				ALWAYS_SEARCH_USER_PATHS = NO;
				CLANG_ANALYZER_NONNULL = YES;
				CLANG_ANALYZER_NUMBER_OBJECT_CONVERSION = YES_AGGRESSIVE;
				CLANG_CXX_LANGUAGE_STANDARD = "gnu++14";
				CLANG_CXX_LIBRARY = "libc++";
				CLANG_ENABLE_MODULES = YES;
				CLANG_ENABLE_OBJC_ARC = YES;
				CLANG_ENABLE_OBJC_WEAK = YES;
				CLANG_WARN_BLOCK_CAPTURE_AUTORELEASING = YES;
				CLANG_WARN_BOOL_CONVERSION = YES;
				CLANG_WARN_COMMA = YES;
				CLANG_WARN_CONSTANT_CONVERSION = YES;
				CLANG_WARN_DEPRECATED_OBJC_IMPLEMENTATIONS = YES;
				CLANG_WARN_DIRECT_OBJC_ISA_USAGE = YES_ERROR;
				CLANG_WARN_DOCUMENTATION_COMMENTS = YES;
				CLANG_WARN_EMPTY_BODY = YES;
				CLANG_WARN_ENUM_CONVERSION = YES;
				CLANG_WARN_INFINITE_RECURSION = YES;
				CLANG_WARN_INT_CONVERSION = YES;
				CLANG_WARN_NON_LITERAL_NULL_CONVERSION = YES;
				CLANG_WARN_OBJC_IMPLICIT_RETAIN_SELF = YES;
				CLANG_WARN_OBJC_LITERAL_CONVERSION = YES;
				CLANG_WARN_OBJC_ROOT_CLASS = YES_ERROR;
				CLANG_WARN_QUOTED_INCLUDE_IN_FRAMEWORK_HEADER = YES;
				CLANG_WARN_RANGE_LOOP_ANALYSIS = YES;
				CLANG_WARN_STRICT_PROTOTYPES = YES;
				CLANG_WARN_SUSPICIOUS_MOVE = YES;
				CLANG_WARN_UNGUARDED_AVAILABILITY = YES_AGGRESSIVE;
				CLANG_WARN_UNREACHABLE_CODE = YES;
				CLANG_WARN__DUPLICATE_METHOD_MATCH = YES;
				COPY_PHASE_STRIP = NO;
				DEBUG_INFORMATION_FORMAT = dwarf;
				ENABLE_STRICT_OBJC_MSGSEND = YES;
				ENABLE_TESTABILITY = YES;
				GCC_C_LANGUAGE_STANDARD = gnu11;
				GCC_DYNAMIC_NO_PIC = NO;
				GCC_NO_COMMON_BLOCKS = YES;
				GCC_OPTIMIZATION_LEVEL = 0;
				GCC_PREPROCESSOR_DEFINITIONS = (
					"DEBUG=1",
					"$(inherited)",
				);
				GCC_WARN_64_TO_32_BIT_CONVERSION = YES;
				GCC_WARN_ABOUT_RETURN_TYPE = YES_ERROR;
				GCC_WARN_UNDECLARED_SELECTOR = YES;
				GCC_WARN_UNINITIALIZED_AUTOS = YES_AGGRESSIVE;
				GCC_WARN_UNUSED_FUNCTION = YES;
				GCC_WARN_UNUSED_VARIABLE = YES;
				IPHONEOS_DEPLOYMENT_TARGET = 17.0;
				MACOSX_DEPLOYMENT_TARGET = 14.0;
				MTL_ENABLE_DEBUG_INFO = INCLUDE_SOURCE;
				MTL_FAST_MATH = YES;
				ONLY_ACTIVE_ARCH = YES;
				PRODUCT_NAME = "$(TARGET_NAME)";
				SWIFT_ACTIVE_COMPILATION_CONDITIONS = DEBUG;
				SWIFT_OPTIMIZATION_LEVEL = "-Onone";
				SWIFT_VERSION = 5.0;
			};
			name = Local;
		};
		A623F3BF7DE325EBB97C832B9D04515E /* Release */ = {
			isa = XCBuildConfiguration;
			buildSettings = {
				CLANG_ENABLE_OBJC_WEAK = NO;
				CODE_SIGN_STYLE = Automatic;
				DEVELOPMENT_TEAM = 9ZYQ4G954D;
				GENERATE_INFOPLIST_FILE = YES;
				IPHONEOS_DEPLOYMENT_TARGET = 17.0;
				PRODUCT_BUNDLE_IDENTIFIER = com.paulbouzian.PeekabooMobileUITests;
				SDKROOT = iphoneos;
				SUPPORTED_PLATFORMS = "iphoneos iphonesimulator";
				SWIFT_STRICT_CONCURRENCY = minimal;
				SWIFT_VERSION = 5.0;
				TARGETED_DEVICE_FAMILY = 1;
				TEST_TARGET_NAME = PeekabooMobile;
				VALIDATE_PRODUCT = YES;
			};
			name = Release;
		};
		A97771EFBADA1E13A67E742843269C4D /* Debug */ = {
			isa = XCBuildConfiguration;
			buildSettings = {
				BUNDLE_LOADER = "$(TEST_HOST)";
				CODE_SIGN_STYLE = Automatic;
				DEVELOPMENT_TEAM = 9ZYQ4G954D;
				GENERATE_INFOPLIST_FILE = YES;
				MACOSX_DEPLOYMENT_TARGET = 14.0;
				PRODUCT_BUNDLE_IDENTIFIER = com.paulbouzian.PeekabooTests;
				SDKROOT = macosx;
				SWIFT_STRICT_CONCURRENCY = minimal;
				SWIFT_VERSION = 5.0;
				TEST_HOST = "$(BUILT_PRODUCTS_DIR)/Peekaboo.app/Contents/MacOS/Peekaboo";
			};
			name = Debug;
		};
		ACAF7FED64CE47516BE9639BECF0B34D /* Release */ = {
			isa = XCBuildConfiguration;
			buildSettings = {
				ALWAYS_SEARCH_USER_PATHS = NO;
				CLANG_ANALYZER_NONNULL = YES;
				CLANG_ANALYZER_NUMBER_OBJECT_CONVERSION = YES_AGGRESSIVE;
				CLANG_CXX_LANGUAGE_STANDARD = "gnu++14";
				CLANG_CXX_LIBRARY = "libc++";
				CLANG_ENABLE_MODULES = YES;
				CLANG_ENABLE_OBJC_ARC = YES;
				CLANG_ENABLE_OBJC_WEAK = YES;
				CLANG_WARN_BLOCK_CAPTURE_AUTORELEASING = YES;
				CLANG_WARN_BOOL_CONVERSION = YES;
				CLANG_WARN_COMMA = YES;
				CLANG_WARN_CONSTANT_CONVERSION = YES;
				CLANG_WARN_DEPRECATED_OBJC_IMPLEMENTATIONS = YES;
				CLANG_WARN_DIRECT_OBJC_ISA_USAGE = YES_ERROR;
				CLANG_WARN_DOCUMENTATION_COMMENTS = YES;
				CLANG_WARN_EMPTY_BODY = YES;
				CLANG_WARN_ENUM_CONVERSION = YES;
				CLANG_WARN_INFINITE_RECURSION = YES;
				CLANG_WARN_INT_CONVERSION = YES;
				CLANG_WARN_NON_LITERAL_NULL_CONVERSION = YES;
				CLANG_WARN_OBJC_IMPLICIT_RETAIN_SELF = YES;
				CLANG_WARN_OBJC_LITERAL_CONVERSION = YES;
				CLANG_WARN_OBJC_ROOT_CLASS = YES_ERROR;
				CLANG_WARN_QUOTED_INCLUDE_IN_FRAMEWORK_HEADER = YES;
				CLANG_WARN_RANGE_LOOP_ANALYSIS = YES;
				CLANG_WARN_STRICT_PROTOTYPES = YES;
				CLANG_WARN_SUSPICIOUS_MOVE = YES;
				CLANG_WARN_UNGUARDED_AVAILABILITY = YES_AGGRESSIVE;
				CLANG_WARN_UNREACHABLE_CODE = YES;
				CLANG_WARN__DUPLICATE_METHOD_MATCH = YES;
				COPY_PHASE_STRIP = NO;
				DEBUG_INFORMATION_FORMAT = "dwarf-with-dsym";
				ENABLE_NS_ASSERTIONS = NO;
				ENABLE_STRICT_OBJC_MSGSEND = YES;
				GCC_C_LANGUAGE_STANDARD = gnu11;
				GCC_NO_COMMON_BLOCKS = YES;
				GCC_WARN_64_TO_32_BIT_CONVERSION = YES;
				GCC_WARN_ABOUT_RETURN_TYPE = YES_ERROR;
				GCC_WARN_UNDECLARED_SELECTOR = YES;
				GCC_WARN_UNINITIALIZED_AUTOS = YES_AGGRESSIVE;
				GCC_WARN_UNUSED_FUNCTION = YES;
				GCC_WARN_UNUSED_VARIABLE = YES;
				IPHONEOS_DEPLOYMENT_TARGET = 17.0;
				MACOSX_DEPLOYMENT_TARGET = 14.0;
				MTL_ENABLE_DEBUG_INFO = NO;
				MTL_FAST_MATH = YES;
				PRODUCT_NAME = "$(TARGET_NAME)";
				SWIFT_COMPILATION_MODE = wholemodule;
				SWIFT_OPTIMIZATION_LEVEL = "-O";
				SWIFT_VERSION = 5.0;
			};
			name = Release;
		};
		B8407FD20E790C6469168409758AE8D8 /* Debug */ = {
			isa = XCBuildConfiguration;
			buildSettings = {
				CODE_SIGN_STYLE = Automatic;
				DEVELOPMENT_TEAM = 9ZYQ4G954D;
				GENERATE_INFOPLIST_FILE = YES;
				MACOSX_DEPLOYMENT_TARGET = 14.0;
				PRODUCT_BUNDLE_IDENTIFIER = com.paulbouzian.PeekabooUITests;
				SDKROOT = macosx;
				SWIFT_STRICT_CONCURRENCY = minimal;
				SWIFT_VERSION = 5.0;
				TEST_TARGET_NAME = Peekaboo;
			};
			name = Debug;
		};
		C135842BE5114DF32C9DE2E7B7582F09 /* Local */ = {
			isa = XCBuildConfiguration;
			buildSettings = {
				BUNDLE_LOADER = "$(TEST_HOST)";
				CLANG_ENABLE_OBJC_WEAK = NO;
				CODE_SIGN_STYLE = Automatic;
				DEVELOPMENT_TEAM = 9ZYQ4G954D;
				GENERATE_INFOPLIST_FILE = YES;
				IPHONEOS_DEPLOYMENT_TARGET = 17.0;
				PRODUCT_BUNDLE_IDENTIFIER = com.paulbouzian.PeekabooMobileTests;
				SDKROOT = iphoneos;
				SUPPORTED_PLATFORMS = "iphoneos iphonesimulator";
				SWIFT_STRICT_CONCURRENCY = minimal;
				SWIFT_VERSION = 5.0;
				TARGETED_DEVICE_FAMILY = 1;
				TEST_HOST = "$(BUILT_PRODUCTS_DIR)/PeekabooMobile.app/PeekabooMobile";
			};
			name = Local;
		};
		C38D2FEBBE4AFB7992BD7D13AA1EB203 /* Release */ = {
			isa = XCBuildConfiguration;
			buildSettings = {
				APS_ENVIRONMENT = production;
				ASSETCATALOG_COMPILER_APPICON_NAME = AppIcon;
				ASSETCATALOG_COMPILER_GLOBAL_ACCENT_COLOR_NAME = AccentColor;
				CLANG_ENABLE_OBJC_WEAK = NO;
				CODE_SIGN_ENTITLEMENTS = PeekabooMobile/PeekabooMobile.entitlements;
				CODE_SIGN_STYLE = Automatic;
				CURRENT_PROJECT_VERSION = 9;
				DEVELOPMENT_TEAM = 9ZYQ4G954D;
				GENERATE_INFOPLIST_FILE = NO;
				ICLOUD_CONTAINER_ENVIRONMENT = Production;
				INFOPLIST_FILE = PeekabooMobile/Info.plist;
				IPHONEOS_DEPLOYMENT_TARGET = 17.0;
				LD_RUNPATH_SEARCH_PATHS = (
					"$(inherited)",
					"@executable_path/Frameworks",
				);
				MARKETING_VERSION = 1.0;
				PRODUCT_BUNDLE_IDENTIFIER = com.paulbouzian.Peekaboo;
				PRODUCT_MODULE_NAME = PeekabooMobile;
				PRODUCT_NAME = "$(TARGET_NAME)";
				SDKROOT = iphoneos;
				SUPPORTED_PLATFORMS = "iphoneos iphonesimulator";
				SUPPORTS_MACCATALYST = NO;
				SWIFT_EMIT_LOC_STRINGS = YES;
				SWIFT_STRICT_CONCURRENCY = minimal;
				SWIFT_VERSION = 5.0;
				TARGETED_DEVICE_FAMILY = 1;
				VALIDATE_PRODUCT = YES;
			};
			name = Release;
		};
		E78B7A84FD320751EE9F9455F3F76FC2 /* Local */ = {
			isa = XCBuildConfiguration;
			buildSettings = {
				APS_ENVIRONMENT = development;
				ASSETCATALOG_COMPILER_APPICON_NAME = AppIcon;
				ASSETCATALOG_COMPILER_GLOBAL_ACCENT_COLOR_NAME = AccentColor;
				CLANG_ENABLE_OBJC_WEAK = NO;
				CODE_SIGN_ENTITLEMENTS = PeekabooMobile/PeekabooMobile.entitlements;
				CODE_SIGN_STYLE = Automatic;
				CURRENT_PROJECT_VERSION = 9;
				DEVELOPMENT_TEAM = 9ZYQ4G954D;
				GENERATE_INFOPLIST_FILE = NO;
				ICLOUD_CONTAINER_ENVIRONMENT = Development;
				INFOPLIST_FILE = PeekabooMobile/Info.plist;
				IPHONEOS_DEPLOYMENT_TARGET = 17.0;
				LD_RUNPATH_SEARCH_PATHS = (
					"$(inherited)",
					"@executable_path/Frameworks",
				);
				MARKETING_VERSION = 1.0;
				PRODUCT_BUNDLE_IDENTIFIER = com.paulbouzian.Peekaboo;
				PRODUCT_MODULE_NAME = PeekabooMobile;
				PRODUCT_NAME = "$(TARGET_NAME)";
				SDKROOT = iphoneos;
				SUPPORTED_PLATFORMS = "iphoneos iphonesimulator";
				SUPPORTS_MACCATALYST = NO;
				SWIFT_EMIT_LOC_STRINGS = YES;
				SWIFT_STRICT_CONCURRENCY = minimal;
				SWIFT_VERSION = 5.0;
				TARGETED_DEVICE_FAMILY = 1;
			};
			name = Local;
		};
		F81F2FBEA46BC16753061874A8A61C38 /* Release */ = {
			isa = XCBuildConfiguration;
			buildSettings = {
				APS_ENVIRONMENT = production;
				ASSETCATALOG_COMPILER_APPICON_NAME = AppIcon;
				ASSETCATALOG_COMPILER_GLOBAL_ACCENT_COLOR_NAME = AccentColor;
				CODE_SIGN_ENTITLEMENTS = Peekaboo/Peekaboo.entitlements;
				CODE_SIGN_STYLE = Automatic;
				COMBINE_HIDPI_IMAGES = YES;
				CURRENT_PROJECT_VERSION = 11;
				DEVELOPMENT_TEAM = 9ZYQ4G954D;
				ENABLE_APP_SANDBOX = YES;
				ENABLE_HARDENED_RUNTIME = YES;
				GENERATE_INFOPLIST_FILE = NO;
				ICLOUD_CONTAINER_ENVIRONMENT = Production;
				INFOPLIST_FILE = Peekaboo/Info.plist;
				LD_RUNPATH_SEARCH_PATHS = (
					"$(inherited)",
					"@executable_path/../Frameworks",
				);
				MACOSX_DEPLOYMENT_TARGET = 14.0;
				MARKETING_VERSION = 1.1;
				PRODUCT_BUNDLE_IDENTIFIER = com.paulbouzian.Peekaboo;
				PRODUCT_NAME = "$(TARGET_NAME)";
				SDKROOT = macosx;
				SWIFT_EMIT_LOC_STRINGS = YES;
				SWIFT_STRICT_CONCURRENCY = minimal;
				SWIFT_VERSION = 5.0;
			};
			name = Release;
		};
		FF77BBB6F3A99EBAECAC1E8B66E118CF /* Local */ = {
			isa = XCBuildConfiguration;
			buildSettings = {
				BUNDLE_LOADER = "$(TEST_HOST)";
				CODE_SIGN_STYLE = Automatic;
				DEVELOPMENT_TEAM = 9ZYQ4G954D;
				GENERATE_INFOPLIST_FILE = YES;
				MACOSX_DEPLOYMENT_TARGET = 14.0;
				PRODUCT_BUNDLE_IDENTIFIER = com.paulbouzian.PeekabooTests;
				SDKROOT = macosx;
				SWIFT_STRICT_CONCURRENCY = minimal;
				SWIFT_VERSION = 5.0;
				TEST_HOST = "$(BUILT_PRODUCTS_DIR)/Peekaboo.app/Contents/MacOS/Peekaboo";
			};
			name = Local;
		};
/* End XCBuildConfiguration section */

/* Begin XCConfigurationList section */
		31CC45BFECD2D872E71C3381A3B3E9F2 /* Build configuration list for PBXNativeTarget "PeekabooTests" */ = {
			isa = XCConfigurationList;
			buildConfigurations = (
				2BF73198AA4F64EE9BCE1676CE9FFD69 /* Release */,
				A97771EFBADA1E13A67E742843269C4D /* Debug */,
				FF77BBB6F3A99EBAECAC1E8B66E118CF /* Local */,
			);
			defaultConfigurationIsVisible = 0;
			defaultConfigurationName = Release;
		};
		474BDCF60BC03A47188FCBFFFDAF0855 /* Build configuration list for PBXNativeTarget "Peekaboo" */ = {
			isa = XCConfigurationList;
			buildConfigurations = (
				F81F2FBEA46BC16753061874A8A61C38 /* Release */,
				6C492E097D4123966D8A062E358D29A6 /* Debug */,
				17BE55A3A5B22931C20F790B6B372451 /* Local */,
			);
			defaultConfigurationIsVisible = 0;
			defaultConfigurationName = Release;
		};
		6CB7439B139033E9E975982201483743 /* Build configuration list for PBXProject "Peekaboo" */ = {
			isa = XCConfigurationList;
			buildConfigurations = (
				6083502EFEBDA2263737A4028115CF4E /* Debug */,
				ACAF7FED64CE47516BE9639BECF0B34D /* Release */,
				7B7A9355586C7FF9AD6141B9C428721D /* Local */,
			);
			defaultConfigurationIsVisible = 0;
			defaultConfigurationName = Release;
		};
		9742E823409B051B2E3580D4E35C2B06 /* Build configuration list for PBXNativeTarget "PeekabooMobileTests" */ = {
			isa = XCConfigurationList;
			buildConfigurations = (
				76B29ACB3BAAC4F4B6BC4CEE20E96B87 /* Release */,
				2F78E77169C8DE39040DDA6290C3AAC5 /* Debug */,
				C135842BE5114DF32C9DE2E7B7582F09 /* Local */,
			);
			defaultConfigurationIsVisible = 0;
			defaultConfigurationName = Release;
		};
		CA7E68A2CB761222C92A3302DC9BF92B /* Build configuration list for PBXNativeTarget "PeekabooUITests" */ = {
			isa = XCConfigurationList;
			buildConfigurations = (
				1EF3F7F11B5E3C061AC998B1BD8880E8 /* Release */,
				B8407FD20E790C6469168409758AE8D8 /* Debug */,
				62C58CF9C7F7E33932427721F0D999D8 /* Local */,
			);
			defaultConfigurationIsVisible = 0;
			defaultConfigurationName = Release;
		};
		FA9A7B21823A50D2B0CC3A1BBE5BA88B /* Build configuration list for PBXNativeTarget "PeekabooMobile" */ = {
			isa = XCConfigurationList;
			buildConfigurations = (
				C38D2FEBBE4AFB7992BD7D13AA1EB203 /* Release */,
				350BBFC8198FA2969601EADC29AFD48E /* Debug */,
				E78B7A84FD320751EE9F9455F3F76FC2 /* Local */,
			);
			defaultConfigurationIsVisible = 0;
			defaultConfigurationName = Release;
		};
		FF14BA1687B3ED6EF4176E4055AE9D0F /* Build configuration list for PBXNativeTarget "PeekabooMobileUITests" */ = {
			isa = XCConfigurationList;
			buildConfigurations = (
				A623F3BF7DE325EBB97C832B9D04515E /* Release */,
				453CAC2971B5E9D3504E0539405C7D2B /* Debug */,
				029A40DC15C089CD55F1B56A99778403 /* Local */,
			);
			defaultConfigurationIsVisible = 0;
			defaultConfigurationName = Release;
		};
/* End XCConfigurationList section */
	};
	rootObject = 99F19F834991D83263BFAD44E7AB152C /* Project object */;
}
